<Project xmlns="http://schemas.microsoft.com/developer/msbuild/2003">
    <PropertyGroup>
        <ProjectGuid>{91EBC579-344A-4DB7-9A57-5C64DF981809}</ProjectGuid>
        <MainSource>Hickel_Cora_RTL_11.dpk</MainSource>
        <Base>True</Base>
        <Config Condition="'$(Config)'==''">Debug</Config>
        <ProjectName Condition="'$(ProjectName)'==''">Hickel_Cora_RTL_11</ProjectName>
        <TargetedPlatforms>1</TargetedPlatforms>
        <AppType>Package</AppType>
        <FrameworkType>VCL</FrameworkType>
        <ProjectVersion>20.3</ProjectVersion>
        <Platform Condition="'$(Platform)'==''">Win32</Platform>
    </PropertyGroup>
    <PropertyGroup Condition="'$(Config)'=='Base' or '$(Base)'!=''">
        <Base>true</Base>
    </PropertyGroup>
    <PropertyGroup Condition="('$(Platform)'=='Android' and '$(Base)'=='true') or '$(Base_Android)'!=''">
        <Base_Android>true</Base_Android>
        <CfgParent>Base</CfgParent>
        <Base>true</Base>
    </PropertyGroup>
    <PropertyGroup Condition="('$(Platform)'=='Android64' and '$(Base)'=='true') or '$(Base_Android64)'!=''">
        <Base_Android64>true</Base_Android64>
        <CfgParent>Base</CfgParent>
        <Base>true</Base>
    </PropertyGroup>
    <PropertyGroup Condition="('$(Platform)'=='Win32' and '$(Base)'=='true') or '$(Base_Win32)'!=''">
        <Base_Win32>true</Base_Win32>
        <CfgParent>Base</CfgParent>
        <Base>true</Base>
    </PropertyGroup>
    <PropertyGroup Condition="'$(Config)'=='Release' or '$(Cfg_1)'!=''">
        <Cfg_1>true</Cfg_1>
        <CfgParent>Base</CfgParent>
        <Base>true</Base>
    </PropertyGroup>
    <PropertyGroup Condition="('$(Platform)'=='Win32' and '$(Cfg_1)'=='true') or '$(Cfg_1_Win32)'!=''">
        <Cfg_1_Win32>true</Cfg_1_Win32>
        <CfgParent>Cfg_1</CfgParent>
        <Cfg_1>true</Cfg_1>
        <Base>true</Base>
    </PropertyGroup>
    <PropertyGroup Condition="'$(Config)'=='Debug' or '$(Cfg_2)'!=''">
        <Cfg_2>true</Cfg_2>
        <CfgParent>Base</CfgParent>
        <Base>true</Base>
    </PropertyGroup>
    <PropertyGroup Condition="('$(Platform)'=='Android64' and '$(Cfg_2)'=='true') or '$(Cfg_2_Android64)'!=''">
        <Cfg_2_Android64>true</Cfg_2_Android64>
        <CfgParent>Cfg_2</CfgParent>
        <Cfg_2>true</Cfg_2>
        <Base>true</Base>
    </PropertyGroup>
    <PropertyGroup Condition="('$(Platform)'=='OSX64' and '$(Cfg_2)'=='true') or '$(Cfg_2_OSX64)'!=''">
        <Cfg_2_OSX64>true</Cfg_2_OSX64>
        <CfgParent>Cfg_2</CfgParent>
        <Cfg_2>true</Cfg_2>
        <Base>true</Base>
    </PropertyGroup>
    <PropertyGroup Condition="('$(Platform)'=='OSXARM64' and '$(Cfg_2)'=='true') or '$(Cfg_2_OSXARM64)'!=''">
        <Cfg_2_OSXARM64>true</Cfg_2_OSXARM64>
        <CfgParent>Cfg_2</CfgParent>
        <Cfg_2>true</Cfg_2>
        <Base>true</Base>
    </PropertyGroup>
    <PropertyGroup Condition="('$(Platform)'=='Win32' and '$(Cfg_2)'=='true') or '$(Cfg_2_Win32)'!=''">
        <Cfg_2_Win32>true</Cfg_2_Win32>
        <CfgParent>Cfg_2</CfgParent>
        <Cfg_2>true</Cfg_2>
        <Base>true</Base>
    </PropertyGroup>
    <PropertyGroup Condition="'$(Base)'!=''">
        <DCC_E>false</DCC_E>
        <DCC_F>false</DCC_F>
        <DCC_K>false</DCC_K>
        <DCC_N>false</DCC_N>
        <DCC_S>false</DCC_S>
        <DCC_ImageBase>00400000</DCC_ImageBase>
        <GenDll>true</GenDll>
        <GenPackage>true</GenPackage>
        <SanitizedProjectName>Hickel_Cora_RTL_11</SanitizedProjectName>
        <DCC_Description>HICKEL CORA LIB</DCC_Description>
        <RuntimeOnlyPackage>true</RuntimeOnlyPackage>
        <DCC_OutputNeverBuildDcps>true</DCC_OutputNeverBuildDcps>
        <DCC_Namespace>Vcl;Vcl.Imaging;Vcl.Touch;Vcl.Samples;Vcl.Shell;System;Xml;Data;Datasnap;Web;Soap;DUnitX.Loggers.GUI;DUnitX.StackTrace;Winapi;System.Win;Data.Win;$(DCC_Namespace)</DCC_Namespace>
        <VerInfo_Locale>1031</VerInfo_Locale>
        <VerInfo_Keys>CompanyName=;FileDescription=;FileVersion=1.0.0.0;InternalName=;LegalCopyright=;LegalTrademarks=;OriginalFilename=;ProductName=;ProductVersion=1.0.0.0;Comments=;CFBundleName=</VerInfo_Keys>
        <DCC_UnitSearchPath>..\VCL_Indy_Head\trunk\Lib\SuperCore;..\VCL_Indy_Head\trunk\Lib\Core;..\VCL_Indy_Head\trunk\Lib\System;..\VCL_Indy_Head\trunk\Lib\Protocols;..\VCL_Indy_Head\trunk\Lib\Security;..\VCL_Indy_Head\trunk\Lib\Design;c:\Program Files (x86)\EASendMail\Include\delphi\;..\Hickel_Lib\Src;..\Hickel_Lib\hl_Utils;..\Hickel_Lib\hl_System;..\Hickel_Lib\hl_Datenbank;$(DCC_UnitSearchPath)</DCC_UnitSearchPath>
    </PropertyGroup>
    <PropertyGroup Condition="'$(Base_Android)'!=''">
        <VerInfo_Keys>package=com.embarcadero.$(MSBuildProjectName);label=$(MSBuildProjectName);versionCode=1;versionName=1.0.0;persistent=False;restoreAnyVersion=False;installLocation=auto;largeHeap=False;theme=TitleBar;hardwareAccelerated=true;apiKey=;minSdkVersion=23;targetSdkVersion=35</VerInfo_Keys>
        <BT_BuildType>Debug</BT_BuildType>
        <Android_LauncherIcon192>$(BDS)\bin\Artwork\Android\FM_LauncherIcon_192x192.png</Android_LauncherIcon192>
        <EnabledSysJars>activity-1.7.2.dex.jar;annotation-experimental-1.4.1.dex.jar;annotation-jvm-1.8.1.dex.jar;annotations-13.0.dex.jar;appcompat-1.2.0.dex.jar;appcompat-resources-1.2.0.dex.jar;billing-7.1.1.dex.jar;biometric-1.1.0.dex.jar;browser-1.4.0.dex.jar;cloud-messaging.dex.jar;collection-jvm-1.4.2.dex.jar;concurrent-futures-1.1.0.dex.jar;core-1.15.0.dex.jar;core-common-2.2.0.dex.jar;core-ktx-1.15.0.dex.jar;core-runtime-2.2.0.dex.jar;cursoradapter-1.0.0.dex.jar;customview-1.0.0.dex.jar;documentfile-1.0.0.dex.jar;drawerlayout-1.0.0.dex.jar;error_prone_annotations-2.9.0.dex.jar;exifinterface-1.3.6.dex.jar;firebase-annotations-16.2.0.dex.jar;firebase-common-20.3.1.dex.jar;firebase-components-17.1.0.dex.jar;firebase-datatransport-18.1.7.dex.jar;firebase-encoders-17.0.0.dex.jar;firebase-encoders-json-18.0.0.dex.jar;firebase-encoders-proto-16.0.0.dex.jar;firebase-iid-interop-17.1.0.dex.jar;firebase-installations-17.1.3.dex.jar;firebase-installations-interop-17.1.0.dex.jar;firebase-measurement-connector-19.0.0.dex.jar;firebase-messaging-23.1.2.dex.jar;fmx.dex.jar;fragment-1.2.5.dex.jar;google-play-licensing.dex.jar;interpolator-1.0.0.dex.jar;javax.inject-1.dex.jar;kotlin-stdlib-1.8.22.dex.jar;kotlin-stdlib-common-1.8.22.dex.jar;kotlin-stdlib-jdk7-1.8.22.dex.jar;kotlin-stdlib-jdk8-1.8.22.dex.jar;kotlinx-coroutines-android-1.6.4.dex.jar;kotlinx-coroutines-core-jvm-1.6.4.dex.jar;legacy-support-core-utils-1.0.0.dex.jar;lifecycle-common-2.6.2.dex.jar;lifecycle-livedata-2.6.2.dex.jar;lifecycle-livedata-core-2.6.2.dex.jar;lifecycle-runtime-2.6.2.dex.jar;lifecycle-service-2.6.2.dex.jar;lifecycle-viewmodel-2.6.2.dex.jar;lifecycle-viewmodel-savedstate-2.6.2.dex.jar;listenablefuture-1.0.dex.jar;loader-1.0.0.dex.jar;localbroadcastmanager-1.0.0.dex.jar;okio-jvm-3.4.0.dex.jar;play-services-ads-22.2.0.dex.jar;play-services-ads-base-22.2.0.dex.jar;play-services-ads-identifier-18.0.0.dex.jar;play-services-ads-lite-22.2.0.dex.jar;play-services-appset-16.0.1.dex.jar;play-services-base-18.5.0.dex.jar;play-services-basement-18.4.0.dex.jar;play-services-cloud-messaging-17.0.1.dex.jar;play-services-location-21.0.1.dex.jar;play-services-maps-18.1.0.dex.jar;play-services-measurement-base-20.1.2.dex.jar;play-services-measurement-sdk-api-20.1.2.dex.jar;play-services-stats-17.0.2.dex.jar;play-services-tasks-18.2.0.dex.jar;print-1.0.0.dex.jar;profileinstaller-1.3.0.dex.jar;room-common-2.2.5.dex.jar;room-runtime-2.2.5.dex.jar;savedstate-1.2.1.dex.jar;sqlite-2.1.0.dex.jar;sqlite-framework-2.1.0.dex.jar;startup-runtime-1.1.1.dex.jar;tracing-1.2.0.dex.jar;transport-api-3.0.0.dex.jar;transport-backend-cct-3.1.8.dex.jar;transport-runtime-3.1.8.dex.jar;user-messaging-platform-2.0.0.dex.jar;vectordrawable-1.1.0.dex.jar;vectordrawable-animated-1.1.0.dex.jar;versionedparcelable-1.1.1.dex.jar;viewpager-1.0.0.dex.jar;work-runtime-2.7.0.dex.jar</EnabledSysJars>
    </PropertyGroup>
    <PropertyGroup Condition="'$(Base_Android64)'!=''">
        <Android_LauncherIcon192>$(BDS)\bin\Artwork\Android\FM_LauncherIcon_192x192.png</Android_LauncherIcon192>
        <EnabledSysJars>activity-1.7.2.dex.jar;annotation-experimental-1.4.1.dex.jar;annotation-jvm-1.8.1.dex.jar;annotations-13.0.dex.jar;appcompat-1.2.0.dex.jar;appcompat-resources-1.2.0.dex.jar;billing-7.1.1.dex.jar;biometric-1.1.0.dex.jar;browser-1.4.0.dex.jar;cloud-messaging.dex.jar;collection-jvm-1.4.2.dex.jar;concurrent-futures-1.1.0.dex.jar;core-1.15.0.dex.jar;core-common-2.2.0.dex.jar;core-ktx-1.15.0.dex.jar;core-runtime-2.2.0.dex.jar;cursoradapter-1.0.0.dex.jar;customview-1.0.0.dex.jar;documentfile-1.0.0.dex.jar;drawerlayout-1.0.0.dex.jar;error_prone_annotations-2.9.0.dex.jar;exifinterface-1.3.6.dex.jar;firebase-annotations-16.2.0.dex.jar;firebase-common-20.3.1.dex.jar;firebase-components-17.1.0.dex.jar;firebase-datatransport-18.1.7.dex.jar;firebase-encoders-17.0.0.dex.jar;firebase-encoders-json-18.0.0.dex.jar;firebase-encoders-proto-16.0.0.dex.jar;firebase-iid-interop-17.1.0.dex.jar;firebase-installations-17.1.3.dex.jar;firebase-installations-interop-17.1.0.dex.jar;firebase-measurement-connector-19.0.0.dex.jar;firebase-messaging-23.1.2.dex.jar;fmx.dex.jar;fragment-1.2.5.dex.jar;google-play-licensing.dex.jar;interpolator-1.0.0.dex.jar;javax.inject-1.dex.jar;kotlin-stdlib-1.8.22.dex.jar;kotlin-stdlib-common-1.8.22.dex.jar;kotlin-stdlib-jdk7-1.8.22.dex.jar;kotlin-stdlib-jdk8-1.8.22.dex.jar;kotlinx-coroutines-android-1.6.4.dex.jar;kotlinx-coroutines-core-jvm-1.6.4.dex.jar;legacy-support-core-utils-1.0.0.dex.jar;lifecycle-common-2.6.2.dex.jar;lifecycle-livedata-2.6.2.dex.jar;lifecycle-livedata-core-2.6.2.dex.jar;lifecycle-runtime-2.6.2.dex.jar;lifecycle-service-2.6.2.dex.jar;lifecycle-viewmodel-2.6.2.dex.jar;lifecycle-viewmodel-savedstate-2.6.2.dex.jar;listenablefuture-1.0.dex.jar;loader-1.0.0.dex.jar;localbroadcastmanager-1.0.0.dex.jar;okio-jvm-3.4.0.dex.jar;play-services-ads-22.2.0.dex.jar;play-services-ads-base-22.2.0.dex.jar;play-services-ads-identifier-18.0.0.dex.jar;play-services-ads-lite-22.2.0.dex.jar;play-services-appset-16.0.1.dex.jar;play-services-base-18.5.0.dex.jar;play-services-basement-18.4.0.dex.jar;play-services-cloud-messaging-17.0.1.dex.jar;play-services-location-21.0.1.dex.jar;play-services-maps-18.1.0.dex.jar;play-services-measurement-base-20.1.2.dex.jar;play-services-measurement-sdk-api-20.1.2.dex.jar;play-services-stats-17.0.2.dex.jar;play-services-tasks-18.2.0.dex.jar;print-1.0.0.dex.jar;profileinstaller-1.3.0.dex.jar;room-common-2.2.5.dex.jar;room-runtime-2.2.5.dex.jar;savedstate-1.2.1.dex.jar;sqlite-2.1.0.dex.jar;sqlite-framework-2.1.0.dex.jar;startup-runtime-1.1.1.dex.jar;tracing-1.2.0.dex.jar;transport-api-3.0.0.dex.jar;transport-backend-cct-3.1.8.dex.jar;transport-runtime-3.1.8.dex.jar;user-messaging-platform-2.0.0.dex.jar;vectordrawable-1.1.0.dex.jar;vectordrawable-animated-1.1.0.dex.jar;versionedparcelable-1.1.1.dex.jar;viewpager-1.0.0.dex.jar;work-runtime-2.7.0.dex.jar</EnabledSysJars>
    </PropertyGroup>
    <PropertyGroup Condition="'$(Base_Win32)'!=''">
        <DCC_Namespace>Datasnap.Win;Web.Win;Soap.Win;Xml.Win;Bde;$(DCC_Namespace)</DCC_Namespace>
        <BT_BuildType>Debug</BT_BuildType>
        <VerInfo_IncludeVerInfo>true</VerInfo_IncludeVerInfo>
        <VerInfo_Keys>CompanyName=;FileDescription=$(MSBuildProjectName);FileVersion=1.0.0.0;InternalName=;LegalCopyright=;LegalTrademarks=;OriginalFilename=;ProgramID=com.embarcadero.$(MSBuildProjectName);ProductName=$(MSBuildProjectName);ProductVersion=1.0.0.0;Comments=</VerInfo_Keys>
        <VerInfo_Locale>1033</VerInfo_Locale>
        <DCC_Description>HICKEL CORA RTL</DCC_Description>
        <DCC_DcuOutput>..\..\..\..\..\..\..\..\..\CORAplus\BAP\bin\dcu32</DCC_DcuOutput>
    </PropertyGroup>
    <PropertyGroup Condition="'$(Cfg_1)'!=''">
        <DCC_Define>RELEASE;$(DCC_Define)</DCC_Define>
        <DCC_DebugInformation>0</DCC_DebugInformation>
        <DCC_LocalDebugSymbols>false</DCC_LocalDebugSymbols>
        <DCC_SymbolReferenceInfo>0</DCC_SymbolReferenceInfo>
    </PropertyGroup>
    <PropertyGroup Condition="'$(Cfg_1_Win32)'!=''">
        <VerInfo_IncludeVerInfo>true</VerInfo_IncludeVerInfo>
        <VerInfo_Locale>1033</VerInfo_Locale>
        <VerInfo_Keys>CompanyName=;FileDescription=$(MSBuildProjectName);FileVersion=1.0.0.0;InternalName=;LegalCopyright=;LegalTrademarks=;OriginalFilename=;ProgramID=com.embarcadero.$(MSBuildProjectName);ProductName=$(MSBuildProjectName);ProductVersion=1.0.0.0;Comments=</VerInfo_Keys>
    </PropertyGroup>
    <PropertyGroup Condition="'$(Cfg_2)'!=''">
        <DCC_Define>DEBUG;$(DCC_Define)</DCC_Define>
        <DCC_Optimize>false</DCC_Optimize>
        <DCC_GenerateStackFrames>true</DCC_GenerateStackFrames>
        <DCC_RangeChecking>true</DCC_RangeChecking>
        <DCC_IntegerOverflowCheck>true</DCC_IntegerOverflowCheck>
    </PropertyGroup>
    <PropertyGroup Condition="'$(Cfg_2_Android64)'!=''">
        <BT_BuildType>Debug</BT_BuildType>
    </PropertyGroup>
    <PropertyGroup Condition="'$(Cfg_2_OSX64)'!=''">
        <BT_BuildType>Debug</BT_BuildType>
    </PropertyGroup>
    <PropertyGroup Condition="'$(Cfg_2_OSXARM64)'!=''">
        <BT_BuildType>Debug</BT_BuildType>
    </PropertyGroup>
    <PropertyGroup Condition="'$(Cfg_2_Win32)'!=''">
        <VerInfo_IncludeVerInfo>true</VerInfo_IncludeVerInfo>
        <VerInfo_Locale>1033</VerInfo_Locale>
        <VerInfo_Keys>CompanyName=;FileDescription=$(MSBuildProjectName);FileVersion=1.0.0.0;InternalName=;LegalCopyright=;LegalTrademarks=;OriginalFilename=;ProgramID=com.embarcadero.$(MSBuildProjectName);ProductName=$(MSBuildProjectName);ProductVersion=1.0.0.0;Comments=</VerInfo_Keys>
    </PropertyGroup>
    <ItemGroup>
        <DelphiCompile Include="$(MainSource)">
            <MainSource>MainSource</MainSource>
        </DelphiCompile>
        <DCCReference Include="vcl.dcp"/>
        <DCCReference Include="rtl.dcp"/>
        <DCCReference Include="dbrtl.dcp"/>
        <DCCReference Include="dsnap.dcp"/>
        <DCCReference Include="bdertl.dcp"/>
        <DCCReference Include="VclSmp.dcp"/>
        <DCCReference Include="adortl.dcp"/>
        <DCCReference Include="Hickel_Rtl_11.dcp"/>
        <DCCReference Include="Hickel_Components_11.dcp"/>
        <DCCReference Include="xmlrtl.dcp"/>
        <DCCReference Include="vcldb.dcp"/>
        <DCCReference Include="vclx.dcp"/>
        <DCCReference Include="vclactnband.dcp"/>
        <DCCReference Include="designide.dcp"/>
        <DCCReference Include="fcstudiowin.dcp"/>
        <DCCReference Include="dclOfficeXP.dcp"/>
        <DCCReference Include="ipstudiowinwordxp.dcp"/>
        <DCCReference Include="ipstudiowin.dcp"/>
        <DCCReference Include="Jcl.dcp"/>
        <DCCReference Include="hbTapi37.dcp"/>
        <DCCReference Include="vclie.dcp"/>
        <DCCReference Include="inet.dcp"/>
        <DCCReference Include="soaprtl.dcp"/>
        <DCCReference Include="..\Hickel_CORA_Lib\_Basis\hcl_Report.pas"/>
        <DCCReference Include="..\Hickel_CORA_Lib\Belege\hcl_BelegNeuBerechnen.pas"/>
        <DCCReference Include="..\Hickel_CORA_Lib\Belege\hcl_PosPreise_Vollgut.pas"/>
        <DCCReference Include="..\Hickel_CORA_Lib\Belege\hcl_PosPreise_Leergut.pas"/>
        <DCCReference Include="..\Hickel_CORA_Lib\Belege\hcl_Bestellvorschlag.pas"/>
        <DCCReference Include="..\Hickel_CORA_Lib\Belege\hcl_Bestellvorschlag_Ctrl.pas"/>
        <DCCReference Include="..\Hickel_CORA_Lib\Belege\hcl_Bestellvorschlag_Liste.pas"/>
        <DCCReference Include="..\Hickel_CORA_Lib\Belege\hcl_Seriennr.pas"/>
        <DCCReference Include="..\Hickel_CORA_Lib\Belege\hcl_SerienNr_Ctrl.pas"/>
        <DCCReference Include="..\Hickel_CORA_Lib\Belege\hcl_Terminkalender.pas"/>
        <DCCReference Include="..\Hickel_CORA_Lib\Belege\hcl_Tour.pas"/>
        <DCCReference Include="..\Hickel_CORA_Lib\Belege\hcl_Tour_Ctrl.pas"/>
        <DCCReference Include="..\Hickel_CORA_Lib\Belege\hcl_Zahlung.pas"/>
        <DCCReference Include="..\Hickel_CORA_Lib\Belege\hcl_Zahlung_Ctrl.pas"/>
        <DCCReference Include="..\Hickel_CORA_Lib\Belege\hcl_ZahlungEingang.pas"/>
        <DCCReference Include="..\Hickel_CORA_Lib\Belege\hcl_ZahlungEingang_Ctrl.pas"/>
        <DCCReference Include="..\Hickel_CORA_Lib\Lohnmost\hcl_LMBeleg.pas"/>
        <DCCReference Include="..\Hickel_CORA_Lib\Lohnmost\hcl_LMbelegPosition.pas"/>
        <DCCReference Include="..\Hickel_CORA_Lib\Lohnmost\hcl_Obstsorte.pas"/>
        <DCCReference Include="..\Hickel_CORA_Lib\Lohnmost\hcl_PreisgruppeLohnmost.pas"/>
        <DCCReference Include="..\Hickel_CORA_Lib\Stamm\hcl_EAN.pas"/>
        <DCCReference Include="..\Hickel_CORA_Lib\Stamm\hcl_EAN_Ctrl.pas"/>
        <DCCReference Include="..\Hickel_CORA_Lib\Stamm\hcl_Gebinde.pas"/>
        <DCCReference Include="..\Hickel_CORA_Lib\Stamm\hcl_Gebinde_Ctrl.pas"/>
        <DCCReference Include="..\Hickel_CORA_Lib\Stamm\hcl_Gebinde_Liste.pas"/>
        <DCCReference Include="..\Hickel_CORA_Lib\Stamm\hcl_Hersteller.pas"/>
        <DCCReference Include="..\Hickel_CORA_Lib\Stamm\hcl_Hersteller_Ctrl.pas"/>
        <DCCReference Include="..\Hickel_CORA_Lib\Stamm\hcl_KalkulationsgruppeAdresse.pas"/>
        <DCCReference Include="..\Hickel_CORA_Lib\Stamm\hcl_KalkulationsgruppeAdresse_Ctrl.pas"/>
        <DCCReference Include="..\Hickel_CORA_Lib\Stamm\hcl_KalkulationsgruppeGebinde.pas"/>
        <DCCReference Include="..\Hickel_CORA_Lib\Stamm\hcl_KalkulationsgruppeGebinde_Ctrl.pas"/>
        <DCCReference Include="..\Hickel_CORA_Lib\Stamm\hcl_Kunde.pas"/>
        <DCCReference Include="..\Hickel_CORA_Lib\Stamm\hcl_Kunde_Ctrl.pas"/>
        <DCCReference Include="..\Hickel_CORA_Lib\Stamm\hcl_KundeVollgut.pas"/>
        <DCCReference Include="..\Hickel_CORA_Lib\Stamm\hcl_KundeVollgut_Ctrl.pas"/>
        <DCCReference Include="..\Hickel_CORA_Lib\Stamm\hcl_Leergut.pas"/>
        <DCCReference Include="..\Hickel_CORA_Lib\Stamm\hcl_Leergut_Ctrl.pas"/>
        <DCCReference Include="..\Hickel_CORA_Lib\Stamm\hcl_Leergut_Liste.pas"/>
        <DCCReference Include="..\Hickel_CORA_Lib\Stamm\hcl_Lieferant.pas"/>
        <DCCReference Include="..\Hickel_CORA_Lib\Stamm\hcl_Lieferant_Ctrl.pas"/>
        <DCCReference Include="..\Hickel_CORA_Lib\Stamm\hcl_LieferantVollgut.pas"/>
        <DCCReference Include="..\Hickel_CORA_Lib\Stamm\hcl_LieferantVollgut_Ctrl.pas"/>
        <DCCReference Include="..\Hickel_CORA_Lib\Stamm\hcl_Mandant.pas"/>
        <DCCReference Include="..\Hickel_CORA_Lib\Stamm\hcl_Personal.pas"/>
        <DCCReference Include="..\Hickel_CORA_Lib\Stamm\hcl_Personal_Ctrl.pas"/>
        <DCCReference Include="..\Hickel_CORA_Lib\Stamm\hcl_Preisgruppe.pas"/>
        <DCCReference Include="..\Hickel_CORA_Lib\Stamm\hcl_Preisgruppe_Ctrl.pas"/>
        <DCCReference Include="..\Hickel_CORA_Lib\Stamm\hcl_PreisgruppeVollgut.pas"/>
        <DCCReference Include="..\Hickel_CORA_Lib\Stamm\hcl_PreisgruppeVollgut_Ctrl.pas"/>
        <DCCReference Include="..\Hickel_CORA_Lib\Stamm\hcl_Produkt.pas"/>
        <DCCReference Include="..\Hickel_CORA_Lib\Stamm\hcl_Produkt_Ctrl.pas"/>
        <DCCReference Include="..\Hickel_CORA_Lib\Stamm\hcl_SammelrechnungArt.pas"/>
        <DCCReference Include="..\Hickel_CORA_Lib\Stamm\hcl_SammelRechnungArt_Ctrl.pas"/>
        <DCCReference Include="..\Hickel_CORA_Lib\Stamm\hcl_Steuerschluessel.pas"/>
        <DCCReference Include="..\Hickel_CORA_Lib\Stamm\hcl_Steuerschluessel_Ctrl.pas"/>
        <DCCReference Include="..\Hickel_CORA_Lib\Stamm\hcl_Vertreter.pas"/>
        <DCCReference Include="..\Hickel_CORA_Lib\Stamm\hcl_Vertreter_Ctrl.pas"/>
        <DCCReference Include="..\Hickel_CORA_Lib\Stamm\hcl_Vollgut.pas"/>
        <DCCReference Include="..\Hickel_CORA_Lib\Stamm\hcl_Vollgut_Ctrl.pas"/>
        <DCCReference Include="..\Hickel_CORA_Lib\Stamm\hcl_Vollgut_Liste.pas"/>
        <DCCReference Include="..\Hickel_CORA_Lib\Stamm\hcl_Warengruppe.pas"/>
        <DCCReference Include="..\Hickel_CORA_Lib\Stamm\hcl_Warengruppe_Ctrl.pas"/>
        <DCCReference Include="..\Hickel_CORA_Lib\Stamm\hcl_Zahlart.pas"/>
        <DCCReference Include="..\Hickel_CORA_Lib\Stamm\hcl_Zahlart_Ctrl.pas"/>
        <DCCReference Include="..\Hickel_CORA_Lib\Stamm\hcl_Zahlziel.pas"/>
        <DCCReference Include="..\Hickel_CORA_Lib\Stamm\hcl_Zahlziel_Ctrl.pas"/>
        <DCCReference Include="..\Hickel_CORA_Lib\Touren\hcl_TourBeleg.pas"/>
        <DCCReference Include="..\Hickel_CORA_Lib\Stamm\hcl_Leihgut_Ctrl.pas"/>
        <DCCReference Include="..\Hickel_CORA_Lib\LMIV\hcl_LMIVAllergen_Ctrl.pas"/>
        <DCCReference Include="..\Hickel_CORA_Lib\LMIV\hcl_LMIVAllergen.pas"/>
        <DCCReference Include="..\Hickel_CORA_Lib\LMIV\hcl_LMIVZutat_Ctrl.pas"/>
        <DCCReference Include="..\Hickel_CORA_Lib\LMIV\hcl_LMIVNaehrwert.pas"/>
        <DCCReference Include="..\Hickel_CORA_Lib\LMIV\hcl_LMIVNaehrwert_Ctrl.pas"/>
        <DCCReference Include="..\Hickel_CORA_Lib\LMIV\hcl_LMIVZutat.pas"/>
        <DCCReference Include="..\Hickel_CORA_Lib\hcl_System\hcl.System.Types.pas"/>
        <DCCReference Include="..\Hickel_CORA_Lib\hcl_Utils\hcl.Utils.pas"/>
        <DCCReference Include="..\Hickel_CORA_Lib\hcl_Utils\hcl.Utils.Telefon.pas"/>
        <DCCReference Include="..\Hickel_CORA_Lib\hcl_Kern\hcl.Kern.Nummernkreis.pas"/>
        <DCCReference Include="..\Hickel_CORA_Lib\hcl_Kern\hcl.Kern.PLU.pas"/>
        <DCCReference Include="..\Hickel_CORA_Lib\_Basis\hcl_StammsortimentLeih.pas"/>
        <DCCReference Include="..\Hickel_CORA_Lib\_Basis\hcl_StammsortimentVollgut.pas"/>
        <DCCReference Include="..\Hickel_CORA_Lib\_Basis\hcl_Bediener.pas"/>
        <DCCReference Include="..\Hickel_CORA_Lib\_Basis\hcl_Config.pas"/>
        <DCCReference Include="..\Hickel_CORA_Lib\_Basis\hcl_Consts.pas"/>
        <DCCReference Include="..\Hickel_CORA_Lib\_Basis\hcl_Logbuch_Ctrl.pas"/>
        <DCCReference Include="..\Hickel_CORA_Lib\_Basis\hcl_LoginResult.pas"/>
        <DCCReference Include="..\Hickel_CORA_Lib\_Basis\hcl_ZugangResult.pas"/>
        <DCCReference Include="..\Hickel_CORA_Lib\_Basis\hcl_Lager.pas"/>
        <DCCReference Include="..\Hickel_CORA_Lib\_Basis\hcl_Nutzungszeitraum.pas"/>
        <DCCReference Include="..\Hickel_CORA_Lib\Stamm\hcl_GrundKalkulationNeuberechnung.pas"/>
        <DCCReference Include="..\Hickel_CORA_Lib\Lohnmost\hcl_LohnmostKumulierung.pas"/>
        <DCCReference Include="..\Hickel_CORA_Lib\_Basis\hcl_FormSerialization.pas"/>
        <DCCReference Include="..\Hickel_CORA_Lib\_Basis\hcl_BedienerDruckTabelle.pas"/>
        <DCCReference Include="..\Hickel_CORA_Lib\Belege\hcl_Beleg.pas"/>
        <DCCReference Include="..\Hickel_CORA_Lib\Belege\hcl_BelegPos.pas"/>
        <DCCReference Include="..\Hickel_CORA_Lib\Belege\hcl_BelegUmwandlung.pas"/>
        <DCCReference Include="..\Hickel_CORA_Lib\Belege\hcl_Projekt.pas"/>
        <DCCReference Include="..\Hickel_CORA_Lib\hcl_Kern\hcl_MandantKonfig.pas"/>
        <DCCReference Include="..\Hickel_CORA_Lib\_Basis\hcl_Webshop.pas"/>
        <DCCReference Include="..\Hickel_CORA_Lib\_Basis\hcl_Aktionen.pas"/>
        <DCCReference Include="..\Hickel_CORA_Lib\Belege\hcl_Mahnwesen.pas"/>
        <DCCReference Include="..\Hickel_CORA_Lib\hcl_Utils\hcl.Utils.Drucker.pas"/>
        <DCCReference Include="..\Hickel_CORA_Lib\Belege\hcl_BelegPosLeergut.pas"/>
        <DCCReference Include="..\Hickel_CORA_Lib\Belege\hcl_Beleg_Utils.pas"/>
        <DCCReference Include="..\Hickel_CORA_Lib\Belege\hcl_BelegAusgangOP.pas"/>
        <DCCReference Include="..\Hickel_CORA_Lib\Belege\hcl_BelegAusgangOP_Ctrl.pas"/>
        <DCCReference Include="..\Hickel_CORA_Lib\Belege\hcl_BelegEingangOP.pas"/>
        <DCCReference Include="..\Hickel_CORA_Lib\Belege\hcl_BelegEingangOP_Ctrl.pas"/>
        <DCCReference Include="..\Hickel_CORA_Lib\Belege\hcl_Beleg_Steuerschluessel.pas"/>
        <DCCReference Include="..\Hickel_CORA_Lib\Belege\hcl_Beleg_Steuerschluessel_Ctrl.pas"/>
        <DCCReference Include="..\Hickel_CORA_Lib\Belege\hcl_Beleg_SteuerschluesselListe.pas"/>
        <DCCReference Include="..\Hickel_CORA_Lib\Belege\hcl_Beleg_Betraege.pas"/>
        <DCCReference Include="..\Hickel_CORA_Lib\Belege\hcl_Beleg_Betraege_Ctrl.pas"/>
        <DCCReference Include="..\Hickel_CORA_Lib\Belege\hcl_Projekt_Utils.pas"/>
        <DCCReference Include="..\Hickel_CORA_Lib\WRV\hcl_ChargenNr.pas"/>
        <DCCReference Include="..\Hickel_CORA_Lib\WRV\hcl_WRVAusgangsBeleg.pas"/>
        <DCCReference Include="..\Hickel_CORA_Lib\WRV\hcl_WRVAusgangsBeleg_Ctrl.pas"/>
        <DCCReference Include="..\Hickel_CORA_Lib\WRV\hcl_WRVBeleg.pas"/>
        <DCCReference Include="..\Hickel_CORA_Lib\WRV\hcl_WRVEingangsBeleg.pas"/>
        <DCCReference Include="..\Hickel_CORA_Lib\WRV\hcl_WRVEingangsBeleg_Ctrl.pas"/>
        <DCCReference Include="..\Hickel_CORA_Lib\WRV\hcl_WRVPosition.pas"/>
        <DCCReference Include="..\Hickel_CORA_Lib\WRV\hcl_WRVPositionListe.pas"/>
        <DCCReference Include="..\Hickel_CORA_Lib\Schnittstellen\Octopus\hcl_OctopusBase.pas"/>
        <DCCReference Include="..\Hickel_CORA_Lib\Schnittstellen\Octopus\hcl_OctopusImport.pas"/>
        <DCCReference Include="..\Hickel_CORA_Lib\Schnittstellen\Octopus\hcl_OctopusExport.pas"/>
        <DCCReference Include="..\Hickel_CORA_Lib\HT630\hcl_PT630_BelegvorerfassungLeergut.pas"/>
        <DCCReference Include="..\Hickel_CORA_Lib\HT630\hcl_PT630_BelegvorerfassungLeergut_Liste.pas"/>
        <DCCReference Include="..\Hickel_CORA_Lib\HT630\hcl_PT630_BelegvorerfassungVollgut.pas"/>
        <DCCReference Include="..\Hickel_CORA_Lib\HT630\hcl_PT630_BelegvorerfassungVollgut_Liste.pas"/>
        <DCCReference Include="..\Hickel_CORA_Lib\HT630\hcl_PT630_Bestellerfassung.pas"/>
        <DCCReference Include="..\Hickel_CORA_Lib\HT630\hcl_PT630_Bestellerfassung_Liste.pas"/>
        <DCCReference Include="..\Hickel_CORA_Lib\Schnittstellen\Braumeld\hcl_GefakoGecon_Export.pas"/>
        <DCCReference Include="..\Hickel_CORA_Lib\Schnittstellen\Braumeld\hcl_Gvg_Export.pas"/>
        <DCCReference Include="..\Hickel_CORA_Lib\Schnittstellen\FiBu\hcl_FiBu_Beleg.pas"/>
        <DCCReference Include="..\Hickel_CORA_Lib\Schnittstellen\FiBu\hcl_FiBu_Beleg_Ctrl.pas"/>
        <DCCReference Include="..\Hickel_CORA_Lib\Schnittstellen\FiBu\hcl_FiBuBuchung.pas"/>
        <DCCReference Include="..\Hickel_CORA_Lib\Schnittstellen\FiBu\hcl_FiBuBuchung_Ctrl.pas"/>
        <DCCReference Include="..\Hickel_CORA_Lib\_Basis\hcl_CsvEncoding.pas"/>
        <DCCReference Include="..\Hickel_CORA_Lib\Touren\hcl_Touren.pas"/>
        <DCCReference Include="..\Hickel_CORA_Lib\WRV\hcl_NVE.pas"/>
        <DCCReference Include="..\Hickel_CORA_Lib\hcl_Datenbank\hcl_DbMandant.pas"/>
        <DCCReference Include="..\Hickel_CORA_Lib\hcl_Datenbank\hcl_DBSystem.pas"/>
        <DCCReference Include="..\Hickel_CORA_Lib\hcl_Kern\hcl_Core.pas"/>
        <DCCReference Include="..\Hickel_CORA_Lib\Schnittstellen\DFKA\hcl_DfkaExport.pas"/>
        <DCCReference Include="..\Hickel_CORA_Lib\_Basis\hcl_SmtpSendMail.pas"/>
        <DCCReference Include="..\Hickel_CORA_Lib\Schnittstellen\Durst\hcl_DurstBase.pas"/>
        <DCCReference Include="..\Hickel_CORA_Lib\Schnittstellen\Durst\hcl_DurstExport.pas"/>
        <DCCReference Include="..\Hickel_CORA_Lib\Schnittstellen\Durst\hcl_DurstImport.pas"/>
        <DCCReference Include="..\Hickel_CORA_Lib\Schnittstellen\InfoOffice\hcl_AdressExport.pas"/>
        <DCCReference Include="..\Hickel_CORA_Lib\Belege\hcl_PosKennung.pas"/>
        <DCCReference Include="..\Hickel_CORA_Lib\Schnittstellen\WebshopWirDuzen\hcl_WebshopWirDuzenBase.pas"/>
        <DCCReference Include="..\Hickel_CORA_Lib\Schnittstellen\WebshopWirDuzen\hcl_WebshopWirDuzenExport.pas"/>
        <DCCReference Include="..\Hickel_CORA_Lib\_Basis\hcl_Inventur.pas"/>
        <DCCReference Include="..\Hickel_CORA_Lib\_Basis\hcl_Nachrichten.pas"/>
        <DCCReference Include="..\Hickel_CORA_Lib\_Basis\hcl_StammdatenKonsistenz.pas"/>
        <DCCReference Include="..\Hickel_CORA_Lib\_Basis\hcl_Cora_Sockets.pas"/>
        <DCCReference Include="..\Hickel_CORA_Lib\hcl_Utils\hcl.Utils.Rtf.pas"/>
        <DCCReference Include="..\Hickel_CORA_Lib\hcl_Utils\hcl.Utils.Mapi.pas"/>
        <DCCReference Include="..\Hickel_CORA_Lib\Belege\hcl_BelegPosLeihgut.pas"/>
        <DCCReference Include="..\Hickel_CORA_Lib\Schnittstellen\Kollex\hcl_KollexBase.pas"/>
        <DCCReference Include="..\Hickel_CORA_Lib\Schnittstellen\Kollex\hcl_KollexExport.pas"/>
        <DCCReference Include="..\Hickel_CORA_Lib\Schnittstellen\Kollex\hcl_KollexImport.pas"/>
        <DCCReference Include="..\Hickel_CORA_Lib\Schnittstellen\2Gplus\hcl_2GPlusBase.pas"/>
        <DCCReference Include="..\Hickel_CORA_Lib\Schnittstellen\2Gplus\hcl_2GPlusImport.pas"/>
        <DCCReference Include="..\Hickel_CORA_Lib\_Basis\hcl_Report_CRW13.pas"/>
        <DCCReference Include="..\Hickel_CORA_Lib\_Basis\hcl_Report_CRW11.pas"/>
        <DCCReference Include="..\Hickel_CORA_Lib\_Basis\hcl_Report_CRW11_IPC.pas"/>
        <DCCReference Include="..\Hickel_CORA_Lib\_Basis\hcl_WinMessages.pas"/>
        <DCCReference Include="..\Hickel_CORA_Lib\HT630\hcl_PT630_Vollgut_Export.pas"/>
        <DCCReference Include="..\Hickel_CORA_Lib\_Basis\hcg_BedienerAnmeldung.pas">
            <Form>THickelCoraGuiBedienerAnmeldung</Form>
        </DCCReference>
        <DCCReference Include="..\Hickel_CORA_Lib\hcl_Datenbank\hcl_Datenbank.pas"/>
        <DCCReference Include="..\Hickel_CORA_Lib\hcl_Datenbank\hcl_Datenbank_Defaults.pas"/>
        <DCCReference Include="..\Hickel_CORA_Lib\hcl_Datenbank\hcl_Datenbank_RowLock.pas"/>
        <DCCReference Include="..\Hickel_CORA_Gui\Src\hcg_AdminAbfrageForm.pas">
            <Form>hcgAdminAbfrageForm</Form>
        </DCCReference>
        <DCCReference Include="..\Hickel_CORA_Gui\Src\hcg_Gebinde.pas">
            <Form>hcgGebinde</Form>
        </DCCReference>
        <DCCReference Include="..\Hickel_CORA_Gui\Src\hcg_Leergut.pas">
            <Form>hcgLeergut</Form>
        </DCCReference>
        <DCCReference Include="..\Hickel_CORA_Gui\Src\hcg_Steuerschluessel.pas">
            <Form>hcgSteuerschluessel</Form>
        </DCCReference>
        <DCCReference Include="..\Hickel_CORA_Gui\Src\hcg_Utils.pas"/>
        <DCCReference Include="..\Hickel_CORA_Gui\Src\hcg_Zahlart.pas">
            <Form>hcgZahlart</Form>
        </DCCReference>
        <DCCReference Include="..\Hickel_CORA_Gui\Src\hcg_Zahlziel.pas">
            <Form>hcgZahlziel</Form>
        </DCCReference>
        <DCCReference Include="..\Hickel_CORA_Gui\Suche\hcg_EANSuche.pas">
            <Form>hcgEANSuche</Form>
        </DCCReference>
        <DCCReference Include="..\Hickel_CORA_Gui\Suche\hcg_GebindeSuche.pas">
            <Form>hcgGebindeSuche</Form>
        </DCCReference>
        <DCCReference Include="..\Hickel_CORA_Gui\Suche\hcg_KundeSuche.pas">
            <Form>hcgKundeSuche</Form>
        </DCCReference>
        <DCCReference Include="..\Hickel_CORA_Gui\Suche\hcg_LeergutSuche.pas">
            <Form>hcgLeergutSuche</Form>
        </DCCReference>
        <DCCReference Include="..\Hickel_CORA_Gui\Suche\hcg_LeihgutSuche.pas">
            <Form>hcgLeihgutSuche</Form>
        </DCCReference>
        <DCCReference Include="..\Hickel_CORA_Gui\Suche\hcg_LieferantSuche.pas">
            <Form>hcgLieferantSuche</Form>
        </DCCReference>
        <DCCReference Include="..\Hickel_CORA_Gui\Suche\hcg_ProduktSuche.pas">
            <Form>hcgProduktSuche</Form>
        </DCCReference>
        <DCCReference Include="..\Hickel_CORA_Gui\Suche\hcg_SerienNrSuche.pas">
            <Form>hcgSerienNrSuche</Form>
        </DCCReference>
        <DCCReference Include="..\Hickel_CORA_Gui\Suche\hcg_SteuerschluesselSuche.pas">
            <Form>hcgSteuerschluesselSuche</Form>
        </DCCReference>
        <DCCReference Include="..\Hickel_CORA_Gui\Suche\hcg_VertreterSuche.pas">
            <Form>hcgVertreterSuche</Form>
        </DCCReference>
        <DCCReference Include="..\Hickel_CORA_Gui\Suche\hcg_WarengruppeSuche.pas">
            <Form>hcgWarengruppeSuche</Form>
        </DCCReference>
        <DCCReference Include="..\Hickel_CORA_Gui\Suche\hcg_ZahlartSuche.pas">
            <Form>hcgZahlartSuche</Form>
        </DCCReference>
        <DCCReference Include="..\Hickel_CORA_Gui\Suche\hcg_ZahlzielSuche.pas">
            <Form>hcgZahlzielSuche</Form>
        </DCCReference>
        <DCCReference Include="..\Hickel_CORA_Gui\Suche\hcg_PlzSuche.pas"/>
        <DCCReference Include="..\Hickel_CORA_Gui\Suche\Suche.pas"/>
        <DCCReference Include="..\Hickel_CORA_Gui\Src\LMIV\hcg_LMIVAllergen.pas">
            <Form>hcgLMIVAllergen</Form>
        </DCCReference>
        <DCCReference Include="..\Hickel_CORA_Gui\Src\LMIV\hcg_LMIVNaehrwert.pas">
            <Form>hcgLMIVNaehrwert</Form>
        </DCCReference>
        <DCCReference Include="..\Hickel_CORA_Gui\Src\LMIV\hcg_LMIVZutat.pas">
            <Form>hcgLMIVZutat</Form>
        </DCCReference>
        <DCCReference Include="..\Hickel_CORA_Gui\Suche\LMIV\hcg_LMIVAllergeneSuche.pas">
            <Form>hcgLMIVAllergeneSuche</Form>
        </DCCReference>
        <DCCReference Include="..\Hickel_CORA_Gui\Suche\LMIV\hcg_LMIVZutatSuche.pas">
            <Form>hcgLMIVZutatSuche</Form>
        </DCCReference>
        <DCCReference Include="..\Hickel_CORA_Gui\Suche\LMIV\hcg_LMIVNaehrwertSuche.pas">
            <Form>hcgLMIVNaehrwertSuche</Form>
        </DCCReference>
        <DCCReference Include="..\Hickel_CORA_Gui\Src\hcg_HSMitarbeiterAuth.pas">
            <Form>hcgMitarbeiterAuth</Form>
            <DesignClass>TFrame</DesignClass>
        </DCCReference>
        <DCCReference Include="..\Hickel_CORA_Gui\Src\hcg_AdminRequest.pas"/>
        <DCCReference Include="..\Hickel_CORA_Gui\Suche\hcg_FilialeSuche.pas">
            <Form>hcgFilialeSuche</Form>
        </DCCReference>
        <DCCReference Include="..\Hickel_CORA_Gui\Suche\hcg_KasseSuche.pas">
            <Form>hcgKasseSuche</Form>
        </DCCReference>
        <DCCReference Include="..\Hickel_CORA_Gui\Suche\hcg_BelegSuche.pas">
            <Form>hcgBelegSuche</Form>
        </DCCReference>
        <DCCReference Include="..\Hickel_CORA_Gui\Suche\hcg_Suche.pas">
            <Form>hcgSuche</Form>
        </DCCReference>
        <DCCReference Include="..\Hickel_CORA_Gui\Suche\hcg_VerlagSuche.pas">
            <Form>hcgVerlagSuche</Form>
        </DCCReference>
        <DCCReference Include="..\Hickel_CORA_Gui\Suche\hcg_ProjektSuche.pas">
            <Form>hcgProjektSuche</Form>
        </DCCReference>
        <DCCReference Include="..\Hickel_CORA_Gui\Suche\hcg_GebindeKalkGrSuche.pas">
            <Form>hcgGebindeKalkGrSuche</Form>
        </DCCReference>
        <DCCReference Include="..\Hickel_CORA_Gui\Src\hcg_GenericPrintDialog.pas">
            <Form>DLG_DruckerAuswahl</Form>
        </DCCReference>
        <DCCReference Include="..\Hickel_CORA_Gui\Drucken\Druck_SEPA.pas">
            <Form>DruckSEPA</Form>
        </DCCReference>
        <DCCReference Include="..\Hickel_CORA_Gui\Drucken\Druck_Provisionen.pas">
            <Form>DruckProvisionen</Form>
        </DCCReference>
        <DCCReference Include="..\Hickel_CORA_Gui\Drucken\Druck_TerminkalenderAW1.pas">
            <Form>DruckTerminkalenderAW1</Form>
        </DCCReference>
        <DCCReference Include="..\Hickel_CORA_Gui\Drucken\Druck_Lieferantenstamm.pas">
            <Form>DruckLieferantenstamm</Form>
            <DesignClass>TFrame</DesignClass>
        </DCCReference>
        <DCCReference Include="..\Hickel_CORA_Gui\Drucken\Druck_Personalstamm.pas">
            <Form>DruckPersonalstamm</Form>
            <DesignClass>TFrame</DesignClass>
        </DCCReference>
        <DCCReference Include="..\Hickel_CORA_Gui\Drucken\Druck_Basisdaten.pas">
            <Form>DruckBasisdaten</Form>
            <DesignClass>TFrame</DesignClass>
        </DCCReference>
        <DCCReference Include="..\Hickel_CORA_Gui\Drucken\Druck_AktionVerw.pas">
            <Form>DruckAktionVerw</Form>
            <DesignClass>TFrame</DesignClass>
        </DCCReference>
        <DCCReference Include="..\Hickel_CORA_Gui\Drucken\Druck_WAAngebot.pas">
            <Form>DruckWAAngebot</Form>
            <DesignClass>TFrame</DesignClass>
        </DCCReference>
        <DCCReference Include="..\Hickel_CORA_Gui\Drucken\Druck_WAAuftrag.pas">
            <Form>DruckWAAuftrag</Form>
            <DesignClass>TFrame</DesignClass>
        </DCCReference>
        <DCCReference Include="..\Hickel_CORA_Gui\Drucken\Druck_WALieferschein.pas">
            <Form>DruckWALieferschein</Form>
            <DesignClass>TFrame</DesignClass>
        </DCCReference>
        <DCCReference Include="..\Hickel_CORA_Gui\Drucken\Druck_WARechnung.pas">
            <Form>DruckWARechnung</Form>
            <DesignClass>TFrame</DesignClass>
        </DCCReference>
        <DCCReference Include="..\Hickel_CORA_Gui\Drucken\Druck_WEAnfrage.pas">
            <Form>DruckWEAnfrage</Form>
            <DesignClass>TFrame</DesignClass>
        </DCCReference>
        <DCCReference Include="..\Hickel_CORA_Gui\Drucken\Druck_WEBestellung.pas">
            <Form>DruckWEBestellung</Form>
            <DesignClass>TFrame</DesignClass>
        </DCCReference>
        <DCCReference Include="..\Hickel_CORA_Gui\Drucken\Druck_WELieferschein.pas">
            <Form>DruckWELieferschein</Form>
            <DesignClass>TFrame</DesignClass>
        </DCCReference>
        <DCCReference Include="..\Hickel_CORA_Gui\Drucken\Druck_WERechnung.pas">
            <Form>DruckWERechnung</Form>
            <DesignClass>TFrame</DesignClass>
        </DCCReference>
        <DCCReference Include="..\Hickel_CORA_Gui\Drucken\Druck_WAAngebotsjournal.pas">
            <Form>DruckWAAngebotsjournal</Form>
            <DesignClass>TFrame</DesignClass>
        </DCCReference>
        <DCCReference Include="..\Hickel_CORA_Gui\Drucken\Druck_WAAuftragsjournal.pas">
            <Form>DruckWAAuftragsjournal</Form>
            <DesignClass>TFrame</DesignClass>
        </DCCReference>
        <DCCReference Include="..\Hickel_CORA_Gui\Drucken\Druck_WALieferscheinjournal.pas">
            <Form>DruckWALieferscheinjournal</Form>
            <DesignClass>TFrame</DesignClass>
        </DCCReference>
        <DCCReference Include="..\Hickel_CORA_Gui\Drucken\Druck_WARechnungsjournal.pas">
            <Form>DruckWARechnungsjournal</Form>
            <DesignClass>TFrame</DesignClass>
        </DCCReference>
        <DCCReference Include="..\Hickel_CORA_Gui\Drucken\Druck_WEAnfragejournal.pas">
            <Form>DruckWEAnfragejournal</Form>
            <DesignClass>TFrame</DesignClass>
        </DCCReference>
        <DCCReference Include="..\Hickel_CORA_Gui\Drucken\Druck_WELieferscheinjournal.pas">
            <Form>DruckWELieferscheinjournal</Form>
            <DesignClass>TFrame</DesignClass>
        </DCCReference>
        <DCCReference Include="..\Hickel_CORA_Gui\Drucken\Druck_WERechnungsjournal.pas">
            <Form>DruckWERechnungsjournal</Form>
            <DesignClass>TFrame</DesignClass>
        </DCCReference>
        <DCCReference Include="..\Hickel_CORA_Gui\Drucken\Druck_WEBestellungsjournal.pas">
            <Form>DruckWEBestellungsjournal</Form>
            <DesignClass>TFrame</DesignClass>
        </DCCReference>
        <DCCReference Include="..\Hickel_CORA_Gui\Drucken\Druck_Brauereimeldungen.pas">
            <Form>DruckBrauereimeldungen</Form>
            <DesignClass>TFrame</DesignClass>
        </DCCReference>
        <DCCReference Include="..\Hickel_CORA_Gui\Drucken\Druck_Umsatzmeldungen.pas">
            <Form>DruckUmsatzmeldungen</Form>
            <DesignClass>TFrame</DesignClass>
        </DCCReference>
        <DCCReference Include="..\Hickel_CORA_Gui\Drucken\Druck_Co2Auswertungen.pas">
            <Form>DruckCo2Auswertungen</Form>
            <DesignClass>TFrame</DesignClass>
        </DCCReference>
        <DCCReference Include="..\Hickel_CORA_Gui\Drucken\Druck_FilialBestellung.pas">
            <Form>DruckFilialBestellung</Form>
            <DesignClass>TFrame</DesignClass>
        </DCCReference>
        <DCCReference Include="..\Hickel_CORA_Gui\Drucken\Druck_LeihAw.pas">
            <Form>DruckLeihAw</Form>
            <DesignClass>TFrame</DesignClass>
        </DCCReference>
        <DCCReference Include="..\Hickel_CORA_Gui\Drucken\Druck_Brauereimeldungen2.pas">
            <Form>DruckBrauereimeldungen2</Form>
            <DesignClass>TFrame</DesignClass>
        </DCCReference>
        <DCCReference Include="..\Hickel_CORA_Gui\Drucken\Druck_FilialVergleich.pas">
            <Form>DruckFilialVergleich</Form>
            <DesignClass>TFrame</DesignClass>
        </DCCReference>
        <DCCReference Include="..\Hickel_CORA_Gui\Drucken\Druck_VollgutAw.pas">
            <Form>DruckVollgutAw</Form>
            <DesignClass>TFrame</DesignClass>
        </DCCReference>
        <DCCReference Include="..\Hickel_CORA_Gui\Drucken\Druck_Kassenauswertung.pas">
            <Form>DruckKassenauswertung</Form>
            <DesignClass>TFrame</DesignClass>
        </DCCReference>
        <DCCReference Include="..\Hickel_CORA_Gui\Drucken\Druck_Kassenbuch.pas">
            <Form>DruckKassenbuch</Form>
            <DesignClass>TFrame</DesignClass>
        </DCCReference>
        <DCCReference Include="..\Hickel_CORA_Gui\Drucken\Druck_KundenPreislisten.pas">
            <Form>DruckKundenPreislisten</Form>
            <DesignClass>TFrame</DesignClass>
        </DCCReference>
        <DCCReference Include="..\Hickel_CORA_Gui\Drucken\Druck_KundenBelegnachweis.pas">
            <Form>DruckKundenBelegnachweis</Form>
            <DesignClass>TFrame</DesignClass>
        </DCCReference>
        <DCCReference Include="..\Hickel_CORA_Gui\Drucken\Druck_Ladeliste.pas">
            <Form>DruckLadeliste</Form>
            <DesignClass>TFrame</DesignClass>
        </DCCReference>
        <DCCReference Include="..\Hickel_CORA_Gui\Drucken\Druck_VORLAGE.pas">
            <Form>DruckVORLAGE</Form>
            <DesignClass>TFrame</DesignClass>
        </DCCReference>
        <DCCReference Include="..\Hickel_CORA_Gui\Drucken\Druck_Lagerbewegungsliste.pas">
            <Form>DruckLagerbewegungsliste</Form>
            <DesignClass>TFrame</DesignClass>
        </DCCReference>
        <DCCReference Include="..\Hickel_CORA_Gui\Drucken\Druck_LagerbewertungNachDatum.pas">
            <Form>DruckLagerbewertungNachDatum</Form>
            <DesignClass>TFrame</DesignClass>
        </DCCReference>
        <DCCReference Include="..\Hickel_CORA_Gui\Drucken\Druck_LagerInventurVergleich.pas">
            <Form>DruckLagerInventurVergleich</Form>
            <DesignClass>TFrame</DesignClass>
        </DCCReference>
        <DCCReference Include="..\Hickel_CORA_Gui\Drucken\Druck_Leergutbestand.pas">
            <Form>DruckLeergutbestand</Form>
            <DesignClass>TFrame</DesignClass>
        </DCCReference>
        <DCCReference Include="..\Hickel_CORA_Gui\Drucken\Druck_WarenEingangsListen.pas">
            <Form>DruckWarenEingangsListen</Form>
            <DesignClass>TFrame</DesignClass>
        </DCCReference>
        <DCCReference Include="..\Hickel_CORA_Gui\Drucken\Druck_LMBelegListen.pas">
            <Form>DruckLMBelegListen</Form>
            <DesignClass>TFrame</DesignClass>
        </DCCReference>
        <DCCReference Include="..\Hickel_CORA_Gui\Drucken\Druck_Rueckholschein.pas">
            <Form>DruckRueckholschein</Form>
            <DesignClass>TFrame</DesignClass>
        </DCCReference>
        <DCCReference Include="..\Hickel_CORA_Gui\Drucken\Druck_TourAuswertung.pas">
            <Form>DruckTourAuswertung</Form>
            <DesignClass>TFrame</DesignClass>
        </DCCReference>
        <DCCReference Include="..\Hickel_CORA_Gui\Drucken\Druck_Terminplaner_Leih.pas">
            <Form>DruckTerminplaner_Leih</Form>
            <DesignClass>TFrame</DesignClass>
        </DCCReference>
        <DCCReference Include="..\Hickel_CORA_Gui\Drucken\Druck_Mahnungen.pas">
            <Form>DruckMahnungen</Form>
            <DesignClass>TFrame</DesignClass>
        </DCCReference>
        <DCCReference Include="..\Hickel_CORA_Gui\Drucken\Druck_Lagerumbuchung.pas">
            <Form>DruckLagerumbuchung</Form>
            <DesignClass>TFrame</DesignClass>
        </DCCReference>
        <DCCReference Include="..\Hickel_CORA_Gui\Drucken\Druck_NachFuellListe.pas">
            <Form>DruckNachFuellListe</Form>
            <DesignClass>TFrame</DesignClass>
        </DCCReference>
        <DCCReference Include="..\Hickel_CORA_Gui\Drucken\Druck_InvDifferenzListe.pas">
            <Form>DruckInvDifferenzListe</Form>
            <DesignClass>TFrame</DesignClass>
        </DCCReference>
        <DCCReference Include="..\Hickel_CORA_Gui\Drucken\Druck_InvErfassungsListe.pas">
            <Form>DruckInvErfassungsListe</Form>
            <DesignClass>TFrame</DesignClass>
        </DCCReference>
        <DCCReference Include="..\Hickel_CORA_Gui\Drucken\Druck_Tourenliste.pas">
            <Form>DruckTourenliste</Form>
            <DesignClass>TFrame</DesignClass>
        </DCCReference>
        <DCCReference Include="..\Hickel_CORA_Gui\Drucken\Druck_WRVSortenrein.pas">
            <Form>DruckWRVSortenrein</Form>
            <DesignClass>TFrame</DesignClass>
        </DCCReference>
        <DCCReference Include="..\Hickel_CORA_Gui\Drucken\Druck_WRVMisch.pas">
            <Form>DruckWRVMisch</Form>
            <DesignClass>TFrame</DesignClass>
        </DCCReference>
        <DCCReference Include="..\Hickel_CORA_Gui\Drucken\Druck_WRVAuswertung2.pas">
            <Form>DruckWRVAuswertung2</Form>
            <DesignClass>TFrame</DesignClass>
        </DCCReference>
        <DCCReference Include="..\Hickel_CORA_Gui\Drucken\Druck_Zahlungen.pas">
            <Form>DruckZahlungen</Form>
            <DesignClass>TFrame</DesignClass>
        </DCCReference>
        <DCCReference Include="..\Hickel_CORA_Gui\Drucken\Druck_TagesMonatsStatistik.pas">
            <Form>DruckTagesMonatsStatistik</Form>
            <DesignClass>TFrame</DesignClass>
        </DCCReference>
        <DCCReference Include="..\Hickel_CORA_Gui\Drucken\Druck_Kundenstamm.pas">
            <Form>hcgDruckKundenstamm</Form>
        </DCCReference>
        <DCCReference Include="..\Hickel_CORA_Gui\Drucken\Druck_Leihgutstamm.pas">
            <Form>hcgDruckLeihgutstamm</Form>
        </DCCReference>
        <DCCReference Include="..\Hickel_CORA_Gui\Drucken\Druck_Vollgutstamm.pas">
            <Form>hcgDruckVollgutstamm</Form>
        </DCCReference>
        <DCCReference Include="..\Hickel_CORA_Gui\Src\hcg_DatumFrage.pas">
            <Form>hcgDatumFrage</Form>
        </DCCReference>
        <DCCReference Include="..\Hickel_CORA_Gui\Drucken\Druck_Palettenverwaltung.pas">
            <Form>DruckPalettenverwaltung</Form>
            <DesignClass>Frame)</DesignClass>
        </DCCReference>
        <DCCReference Include="..\Hickel_CORA_Gui\Suche\hcg_AdressgruppeSuche.pas"/>
        <DCCReference Include="..\Hickel_CORA_Gui\Suche\hcg_LeihgeraetegruppeSuche.pas"/>
        <DCCReference Include="..\Hickel_CORA_Gui\Suche\hcg_TourBelegSuche.pas"/>
        <DCCReference Include="..\Hickel_CORA_Gui\Suche\hcg_GeschaeftstypSuche.pas">
            <Form>frmGeschaeftstypSuchen</Form>
        </DCCReference>
        <DCCReference Include="..\Hickel_CORA_Gui\Suche\hcg_PersonalSuche.pas"/>
        <DCCReference Include="..\Hickel_CORA_Gui\Suche\hcg_KundeKalkulationSuche.pas"/>
        <DCCReference Include="..\Hickel_CORA_Gui\Suche\hcg_KundengruppeKalkulationSuche.pas"/>
        <DCCReference Include="..\Hickel_CORA_Gui\Suche\hcg_PreisgruppeKalkulationSuche.pas"/>
        <DCCReference Include="..\Hickel_CORA_Gui\Suche\hcg_PreisgruppeSuche.pas"/>
        <DCCReference Include="..\Hickel_CORA_Gui\Suche\hcg_KundengruppeSuche.pas"/>
        <DCCReference Include="..\Hickel_CORA_Gui\Drucken\Druck_KundenInaktivitaet.pas">
            <Form>DruckKundenInaktivitaet</Form>
        </DCCReference>
        <DCCReference Include="..\Hickel_CORA_Gui\Drucken\Druck_Inventur.pas">
            <Form>DruckInventur</Form>
            <DesignClass>TFrame</DesignClass>
        </DCCReference>
        <DCCReference Include="..\Hickel_CORA_Gui\Drucken\Druck_Lagerbuchung.pas">
            <Form>DruckLagerbuchung</Form>
            <DesignClass>TFrame</DesignClass>
        </DCCReference>
        <DCCReference Include="..\Hickel_CORA_Gui\Drucken\Druck_LagerBuchungJournal.pas">
            <Form>DruckLagerbuchungJournal</Form>
            <DesignClass>TFrame</DesignClass>
        </DCCReference>
        <DCCReference Include="..\Hickel_CORA_Gui\Src\hcg_Generic_SQL_Query.pas">
            <Form>MDI_QUERY</Form>
            <DesignClass>TFrame</DesignClass>
        </DCCReference>
        <DCCReference Include="..\Hickel_CORA_Gui\Suche\hcg_MahnkopfSuche.pas"/>
        <DCCReference Include="..\Hickel_CORA_Gui\Suche\hcg_AdresseSuche.pas"/>
        <DCCReference Include="..\Hickel_Cora_Lib\Schnittstellen\EinfachArchiv\hcl_EinfachArchivUtils.pas"/>
        <BuildConfiguration Include="Base">
            <Key>Base</Key>
        </BuildConfiguration>
        <BuildConfiguration Include="Release">
            <Key>Cfg_1</Key>
            <CfgParent>Base</CfgParent>
        </BuildConfiguration>
        <BuildConfiguration Include="Debug">
            <Key>Cfg_2</Key>
            <CfgParent>Base</CfgParent>
        </BuildConfiguration>
    </ItemGroup>
    <ProjectExtensions>
        <Borland.Personality>Delphi.Personality.12</Borland.Personality>
        <Borland.ProjectType>Package</Borland.ProjectType>
        <BorlandProject>
            <Delphi.Personality>
                <Source>
                    <Source Name="MainSource">Hickel_Cora_RTL_11.dpk</Source>
                </Source>
                <Excluded_Packages>
                    <Excluded_Packages Name="$(BDSBIN)\dcloffice2k370.bpl">Microsoft Office 2000 Beispiele für gekapselte Komponenten für Automatisierungsserver</Excluded_Packages>
                    <Excluded_Packages Name="$(BDSBIN)\dclofficexp370.bpl">Microsoft Office XP Beispiele für gekapselte Komponenten für Automation Server</Excluded_Packages>
                </Excluded_Packages>
            </Delphi.Personality>
            <Platforms>
                <Platform value="Android">False</Platform>
                <Platform value="Android64">False</Platform>
                <Platform value="OSX64">False</Platform>
                <Platform value="OSXARM64">False</Platform>
                <Platform value="Win32">True</Platform>
                <Platform value="Win64">False</Platform>
                <Platform value="Win64x">False</Platform>
            </Platforms>
            <Deployment Version="5">
                <DeployFile LocalName="C:\Users\Public\Documents\Embarcadero\Studio\23.0\Bpl\Hickel_Cora_RTL_11.bpl" Configuration="Debug" Class="ProjectOutput">
                    <Platform Name="Win32">
                        <RemoteName>Hickel_Cora_RTL_11.bpl</RemoteName>
                        <Overwrite>true</Overwrite>
                    </Platform>
                </DeployFile>
                <DeployClass Name="AdditionalDebugSymbols">
                    <Platform Name="OSX32">
                        <Operation>1</Operation>
                    </Platform>
                    <Platform Name="Win32">
                        <Operation>0</Operation>
                    </Platform>
                </DeployClass>
                <DeployClass Name="AndroidFileProvider">
                    <Platform Name="Android">
                        <RemoteDir>res\xml</RemoteDir>
                        <Operation>1</Operation>
                    </Platform>
                    <Platform Name="Android64">
                        <RemoteDir>res\xml</RemoteDir>
                        <Operation>1</Operation>
                    </Platform>
                </DeployClass>
                <DeployClass Name="AndroidLibnativeArmeabiFile">
                    <Platform Name="Android">
                        <RemoteDir>library\lib\armeabi</RemoteDir>
                        <Operation>1</Operation>
                    </Platform>
                    <Platform Name="Android64">
                        <RemoteDir>library\lib\armeabi</RemoteDir>
                        <Operation>1</Operation>
                    </Platform>
                </DeployClass>
                <DeployClass Name="AndroidLibnativeArmeabiv7aFile">
                    <Platform Name="Android64">
                        <RemoteDir>library\lib\armeabi-v7a</RemoteDir>
                        <Operation>1</Operation>
                    </Platform>
                </DeployClass>
                <DeployClass Name="AndroidLibnativeMipsFile">
                    <Platform Name="Android">
                        <RemoteDir>library\lib\mips</RemoteDir>
                        <Operation>1</Operation>
                    </Platform>
                    <Platform Name="Android64">
                        <RemoteDir>library\lib\mips</RemoteDir>
                        <Operation>1</Operation>
                    </Platform>
                </DeployClass>
                <DeployClass Name="AndroidServiceOutput">
                    <Platform Name="Android">
                        <RemoteDir>library\lib\armeabi-v7a</RemoteDir>
                        <Operation>1</Operation>
                    </Platform>
                    <Platform Name="Android64">
                        <RemoteDir>library\lib\arm64-v8a</RemoteDir>
                        <Operation>1</Operation>
                    </Platform>
                </DeployClass>
                <DeployClass Name="AndroidServiceOutput_Android32">
                    <Platform Name="Android64">
                        <RemoteDir>library\lib\armeabi-v7a</RemoteDir>
                        <Operation>1</Operation>
                    </Platform>
                </DeployClass>
                <DeployClass Name="AndroidSplashImageDef">
                    <Platform Name="Android">
                        <RemoteDir>res\drawable</RemoteDir>
                        <Operation>1</Operation>
                    </Platform>
                    <Platform Name="Android64">
                        <RemoteDir>res\drawable</RemoteDir>
                        <Operation>1</Operation>
                    </Platform>
                </DeployClass>
                <DeployClass Name="AndroidSplashImageDefV21">
                    <Platform Name="Android">
                        <RemoteDir>res\drawable-anydpi-v21</RemoteDir>
                        <Operation>1</Operation>
                    </Platform>
                    <Platform Name="Android64">
                        <RemoteDir>res\drawable-anydpi-v21</RemoteDir>
                        <Operation>1</Operation>
                    </Platform>
                </DeployClass>
                <DeployClass Name="AndroidSplashStyles">
                    <Platform Name="Android">
                        <RemoteDir>res\values</RemoteDir>
                        <Operation>1</Operation>
                    </Platform>
                    <Platform Name="Android64">
                        <RemoteDir>res\values</RemoteDir>
                        <Operation>1</Operation>
                    </Platform>
                </DeployClass>
                <DeployClass Name="AndroidSplashStylesV21">
                    <Platform Name="Android">
                        <RemoteDir>res\values-v21</RemoteDir>
                        <Operation>1</Operation>
                    </Platform>
                    <Platform Name="Android64">
                        <RemoteDir>res\values-v21</RemoteDir>
                        <Operation>1</Operation>
                    </Platform>
                </DeployClass>
                <DeployClass Name="AndroidSplashStylesV31">
                    <Platform Name="Android">
                        <RemoteDir>res\values-v31</RemoteDir>
                        <Operation>1</Operation>
                    </Platform>
                    <Platform Name="Android64">
                        <RemoteDir>res\values-v31</RemoteDir>
                        <Operation>1</Operation>
                    </Platform>
                </DeployClass>
                <DeployClass Name="AndroidSplashStylesV35">
                    <Platform Name="Android">
                        <RemoteDir>res\values-v35</RemoteDir>
                        <Operation>1</Operation>
                    </Platform>
                    <Platform Name="Android64">
                        <RemoteDir>res\values-v35</RemoteDir>
                        <Operation>1</Operation>
                    </Platform>
                </DeployClass>
                <DeployClass Name="Android_AdaptiveIcon">
                    <Platform Name="Android">
                        <RemoteDir>res\drawable-anydpi-v26</RemoteDir>
                        <Operation>1</Operation>
                    </Platform>
                    <Platform Name="Android64">
                        <RemoteDir>res\drawable-anydpi-v26</RemoteDir>
                        <Operation>1</Operation>
                    </Platform>
                </DeployClass>
                <DeployClass Name="Android_AdaptiveIconBackground">
                    <Platform Name="Android">
                        <RemoteDir>res\drawable</RemoteDir>
                        <Operation>1</Operation>
                    </Platform>
                    <Platform Name="Android64">
                        <RemoteDir>res\drawable</RemoteDir>
                        <Operation>1</Operation>
                    </Platform>
                </DeployClass>
                <DeployClass Name="Android_AdaptiveIconForeground">
                    <Platform Name="Android">
                        <RemoteDir>res\drawable</RemoteDir>
                        <Operation>1</Operation>
                    </Platform>
                    <Platform Name="Android64">
                        <RemoteDir>res\drawable</RemoteDir>
                        <Operation>1</Operation>
                    </Platform>
                </DeployClass>
                <DeployClass Name="Android_AdaptiveIconMonochrome">
                    <Platform Name="Android">
                        <RemoteDir>res\drawable</RemoteDir>
                        <Operation>1</Operation>
                    </Platform>
                    <Platform Name="Android64">
                        <RemoteDir>res\drawable</RemoteDir>
                        <Operation>1</Operation>
                    </Platform>
                </DeployClass>
                <DeployClass Name="Android_AdaptiveIconV33">
                    <Platform Name="Android">
                        <RemoteDir>res\drawable-anydpi-v33</RemoteDir>
                        <Operation>1</Operation>
                    </Platform>
                    <Platform Name="Android64">
                        <RemoteDir>res\drawable-anydpi-v33</RemoteDir>
                        <Operation>1</Operation>
                    </Platform>
                </DeployClass>
                <DeployClass Name="Android_Colors">
                    <Platform Name="Android">
                        <RemoteDir>res\values</RemoteDir>
                        <Operation>1</Operation>
                    </Platform>
                    <Platform Name="Android64">
                        <RemoteDir>res\values</RemoteDir>
                        <Operation>1</Operation>
                    </Platform>
                </DeployClass>
                <DeployClass Name="Android_ColorsDark">
                    <Platform Name="Android">
                        <RemoteDir>res\values-night-v21</RemoteDir>
                        <Operation>1</Operation>
                    </Platform>
                    <Platform Name="Android64">
                        <RemoteDir>res\values-night-v21</RemoteDir>
                        <Operation>1</Operation>
                    </Platform>
                </DeployClass>
                <DeployClass Name="Android_DefaultAppIcon">
                    <Platform Name="Android">
                        <RemoteDir>res\drawable</RemoteDir>
                        <Operation>1</Operation>
                    </Platform>
                    <Platform Name="Android64">
                        <RemoteDir>res\drawable</RemoteDir>
                        <Operation>1</Operation>
                    </Platform>
                </DeployClass>
                <DeployClass Name="Android_LauncherIcon144">
                    <Platform Name="Android">
                        <RemoteDir>res\drawable-xxhdpi</RemoteDir>
                        <Operation>1</Operation>
                    </Platform>
                    <Platform Name="Android64">
                        <RemoteDir>res\drawable-xxhdpi</RemoteDir>
                        <Operation>1</Operation>
                    </Platform>
                </DeployClass>
                <DeployClass Name="Android_LauncherIcon192">
                    <Platform Name="Android">
                        <RemoteDir>res\drawable-xxxhdpi</RemoteDir>
                        <Operation>1</Operation>
                    </Platform>
                    <Platform Name="Android64">
                        <RemoteDir>res\drawable-xxxhdpi</RemoteDir>
                        <Operation>1</Operation>
                    </Platform>
                </DeployClass>
                <DeployClass Name="Android_LauncherIcon36">
                    <Platform Name="Android">
                        <RemoteDir>res\drawable-ldpi</RemoteDir>
                        <Operation>1</Operation>
                    </Platform>
                    <Platform Name="Android64">
                        <RemoteDir>res\drawable-ldpi</RemoteDir>
                        <Operation>1</Operation>
                    </Platform>
                </DeployClass>
                <DeployClass Name="Android_LauncherIcon48">
                    <Platform Name="Android">
                        <RemoteDir>res\drawable-mdpi</RemoteDir>
                        <Operation>1</Operation>
                    </Platform>
                    <Platform Name="Android64">
                        <RemoteDir>res\drawable-mdpi</RemoteDir>
                        <Operation>1</Operation>
                    </Platform>
                </DeployClass>
                <DeployClass Name="Android_LauncherIcon72">
                    <Platform Name="Android">
                        <RemoteDir>res\drawable-hdpi</RemoteDir>
                        <Operation>1</Operation>
                    </Platform>
                    <Platform Name="Android64">
                        <RemoteDir>res\drawable-hdpi</RemoteDir>
                        <Operation>1</Operation>
                    </Platform>
                </DeployClass>
                <DeployClass Name="Android_LauncherIcon96">
                    <Platform Name="Android">
                        <RemoteDir>res\drawable-xhdpi</RemoteDir>
                        <Operation>1</Operation>
                    </Platform>
                    <Platform Name="Android64">
                        <RemoteDir>res\drawable-xhdpi</RemoteDir>
                        <Operation>1</Operation>
                    </Platform>
                </DeployClass>
                <DeployClass Name="Android_NotificationIcon24">
                    <Platform Name="Android">
                        <RemoteDir>res\drawable-mdpi</RemoteDir>
                        <Operation>1</Operation>
                    </Platform>
                    <Platform Name="Android64">
                        <RemoteDir>res\drawable-mdpi</RemoteDir>
                        <Operation>1</Operation>
                    </Platform>
                </DeployClass>
                <DeployClass Name="Android_NotificationIcon36">
                    <Platform Name="Android">
                        <RemoteDir>res\drawable-hdpi</RemoteDir>
                        <Operation>1</Operation>
                    </Platform>
                    <Platform Name="Android64">
                        <RemoteDir>res\drawable-hdpi</RemoteDir>
                        <Operation>1</Operation>
                    </Platform>
                </DeployClass>
                <DeployClass Name="Android_NotificationIcon48">
                    <Platform Name="Android">
                        <RemoteDir>res\drawable-xhdpi</RemoteDir>
                        <Operation>1</Operation>
                    </Platform>
                    <Platform Name="Android64">
                        <RemoteDir>res\drawable-xhdpi</RemoteDir>
                        <Operation>1</Operation>
                    </Platform>
                </DeployClass>
                <DeployClass Name="Android_NotificationIcon72">
                    <Platform Name="Android">
                        <RemoteDir>res\drawable-xxhdpi</RemoteDir>
                        <Operation>1</Operation>
                    </Platform>
                    <Platform Name="Android64">
                        <RemoteDir>res\drawable-xxhdpi</RemoteDir>
                        <Operation>1</Operation>
                    </Platform>
                </DeployClass>
                <DeployClass Name="Android_NotificationIcon96">
                    <Platform Name="Android">
                        <RemoteDir>res\drawable-xxxhdpi</RemoteDir>
                        <Operation>1</Operation>
                    </Platform>
                    <Platform Name="Android64">
                        <RemoteDir>res\drawable-xxxhdpi</RemoteDir>
                        <Operation>1</Operation>
                    </Platform>
                </DeployClass>
                <DeployClass Name="Android_SplashImage426">
                    <Platform Name="Android">
                        <RemoteDir>res\drawable-small</RemoteDir>
                        <Operation>1</Operation>
                    </Platform>
                    <Platform Name="Android64">
                        <RemoteDir>res\drawable-small</RemoteDir>
                        <Operation>1</Operation>
                    </Platform>
                </DeployClass>
                <DeployClass Name="Android_SplashImage470">
                    <Platform Name="Android">
                        <RemoteDir>res\drawable-normal</RemoteDir>
                        <Operation>1</Operation>
                    </Platform>
                    <Platform Name="Android64">
                        <RemoteDir>res\drawable-normal</RemoteDir>
                        <Operation>1</Operation>
                    </Platform>
                </DeployClass>
                <DeployClass Name="Android_SplashImage640">
                    <Platform Name="Android">
                        <RemoteDir>res\drawable-large</RemoteDir>
                        <Operation>1</Operation>
                    </Platform>
                    <Platform Name="Android64">
                        <RemoteDir>res\drawable-large</RemoteDir>
                        <Operation>1</Operation>
                    </Platform>
                </DeployClass>
                <DeployClass Name="Android_SplashImage960">
                    <Platform Name="Android">
                        <RemoteDir>res\drawable-xlarge</RemoteDir>
                        <Operation>1</Operation>
                    </Platform>
                    <Platform Name="Android64">
                        <RemoteDir>res\drawable-xlarge</RemoteDir>
                        <Operation>1</Operation>
                    </Platform>
                </DeployClass>
                <DeployClass Name="Android_Strings">
                    <Platform Name="Android">
                        <RemoteDir>res\values</RemoteDir>
                        <Operation>1</Operation>
                    </Platform>
                    <Platform Name="Android64">
                        <RemoteDir>res\values</RemoteDir>
                        <Operation>1</Operation>
                    </Platform>
                </DeployClass>
                <DeployClass Name="Android_VectorizedNotificationIcon">
                    <Platform Name="Android">
                        <RemoteDir>res\drawable-anydpi-v24</RemoteDir>
                        <Operation>1</Operation>
                    </Platform>
                    <Platform Name="Android64">
                        <RemoteDir>res\drawable-anydpi-v24</RemoteDir>
                        <Operation>1</Operation>
                    </Platform>
                </DeployClass>
                <DeployClass Name="Android_VectorizedSplash">
                    <Platform Name="Android">
                        <RemoteDir>res\drawable</RemoteDir>
                        <Operation>1</Operation>
                    </Platform>
                    <Platform Name="Android64">
                        <RemoteDir>res\drawable</RemoteDir>
                        <Operation>1</Operation>
                    </Platform>
                </DeployClass>
                <DeployClass Name="Android_VectorizedSplashDark">
                    <Platform Name="Android">
                        <RemoteDir>res\drawable-night-anydpi-v21</RemoteDir>
                        <Operation>1</Operation>
                    </Platform>
                    <Platform Name="Android64">
                        <RemoteDir>res\drawable-night-anydpi-v21</RemoteDir>
                        <Operation>1</Operation>
                    </Platform>
                </DeployClass>
                <DeployClass Name="Android_VectorizedSplashV31">
                    <Platform Name="Android">
                        <RemoteDir>res\drawable-anydpi-v31</RemoteDir>
                        <Operation>1</Operation>
                    </Platform>
                    <Platform Name="Android64">
                        <RemoteDir>res\drawable-anydpi-v31</RemoteDir>
                        <Operation>1</Operation>
                    </Platform>
                </DeployClass>
                <DeployClass Name="Android_VectorizedSplashV31Dark">
                    <Platform Name="Android">
                        <RemoteDir>res\drawable-night-anydpi-v31</RemoteDir>
                        <Operation>1</Operation>
                    </Platform>
                    <Platform Name="Android64">
                        <RemoteDir>res\drawable-night-anydpi-v31</RemoteDir>
                        <Operation>1</Operation>
                    </Platform>
                </DeployClass>
                <DeployClass Name="DebugSymbols">
                    <Platform Name="iOSSimulator">
                        <Operation>1</Operation>
                    </Platform>
                    <Platform Name="OSX32">
                        <Operation>1</Operation>
                    </Platform>
                    <Platform Name="Win32">
                        <Operation>0</Operation>
                    </Platform>
                </DeployClass>
                <DeployClass Name="DependencyFramework">
                    <Platform Name="OSX32">
                        <Operation>1</Operation>
                        <Extensions>.framework</Extensions>
                    </Platform>
                    <Platform Name="OSX64">
                        <Operation>1</Operation>
                        <Extensions>.framework</Extensions>
                    </Platform>
                    <Platform Name="OSXARM64">
                        <Operation>1</Operation>
                        <Extensions>.framework</Extensions>
                    </Platform>
                    <Platform Name="Win32">
                        <Operation>0</Operation>
                    </Platform>
                </DeployClass>
                <DeployClass Name="DependencyModule">
                    <Platform Name="OSX32">
                        <Operation>1</Operation>
                        <Extensions>.dylib</Extensions>
                    </Platform>
                    <Platform Name="OSX64">
                        <Operation>1</Operation>
                        <Extensions>.dylib</Extensions>
                    </Platform>
                    <Platform Name="OSXARM64">
                        <Operation>1</Operation>
                        <Extensions>.dylib</Extensions>
                    </Platform>
                    <Platform Name="Win32">
                        <Operation>0</Operation>
                        <Extensions>.dll;.bpl</Extensions>
                    </Platform>
                </DeployClass>
                <DeployClass Required="true" Name="DependencyPackage">
                    <Platform Name="iOSDevice32">
                        <Operation>1</Operation>
                        <Extensions>.dylib</Extensions>
                    </Platform>
                    <Platform Name="iOSDevice64">
                        <Operation>1</Operation>
                        <Extensions>.dylib</Extensions>
                    </Platform>
                    <Platform Name="iOSSimARM64">
                        <Operation>1</Operation>
                        <Extensions>.dylib</Extensions>
                    </Platform>
                    <Platform Name="OSX32">
                        <Operation>1</Operation>
                        <Extensions>.dylib</Extensions>
                    </Platform>
                    <Platform Name="OSX64">
                        <Operation>1</Operation>
                        <Extensions>.dylib</Extensions>
                    </Platform>
                    <Platform Name="OSXARM64">
                        <Operation>1</Operation>
                        <Extensions>.dylib</Extensions>
                    </Platform>
                    <Platform Name="Win32">
                        <Operation>0</Operation>
                        <Extensions>.bpl</Extensions>
                    </Platform>
                </DeployClass>
                <DeployClass Name="File">
                    <Platform Name="Android">
                        <Operation>0</Operation>
                    </Platform>
                    <Platform Name="Android64">
                        <Operation>0</Operation>
                    </Platform>
                    <Platform Name="iOSDevice32">
                        <Operation>0</Operation>
                    </Platform>
                    <Platform Name="iOSDevice64">
                        <Operation>0</Operation>
                    </Platform>
                    <Platform Name="iOSSimARM64">
                        <Operation>0</Operation>
                    </Platform>
                    <Platform Name="OSX32">
                        <Operation>0</Operation>
                    </Platform>
                    <Platform Name="OSX64">
                        <Operation>0</Operation>
                    </Platform>
                    <Platform Name="OSXARM64">
                        <Operation>0</Operation>
                    </Platform>
                    <Platform Name="Win32">
                        <Operation>0</Operation>
                    </Platform>
                </DeployClass>
                <DeployClass Name="ProjectAndroidManifest">
                    <Platform Name="Android">
                        <Operation>1</Operation>
                    </Platform>
                    <Platform Name="Android64">
                        <Operation>1</Operation>
                    </Platform>
                </DeployClass>
                <DeployClass Name="ProjectOSXDebug"/>
                <DeployClass Name="ProjectOSXEntitlements"/>
                <DeployClass Name="ProjectOSXInfoPList"/>
                <DeployClass Name="ProjectOSXResource">
                    <Platform Name="OSX32">
                        <RemoteDir>Contents\Resources</RemoteDir>
                        <Operation>1</Operation>
                    </Platform>
                    <Platform Name="OSX64">
                        <RemoteDir>Contents\Resources</RemoteDir>
                        <Operation>1</Operation>
                    </Platform>
                    <Platform Name="OSXARM64">
                        <RemoteDir>Contents\Resources</RemoteDir>
                        <Operation>1</Operation>
                    </Platform>
                </DeployClass>
                <DeployClass Required="true" Name="ProjectOutput">
                    <Platform Name="Android">
                        <RemoteDir>library\lib\armeabi-v7a</RemoteDir>
                        <Operation>1</Operation>
                    </Platform>
                    <Platform Name="Android64">
                        <RemoteDir>library\lib\arm64-v8a</RemoteDir>
                        <Operation>1</Operation>
                    </Platform>
                    <Platform Name="iOSDevice32">
                        <Operation>1</Operation>
                    </Platform>
                    <Platform Name="iOSDevice64">
                        <Operation>1</Operation>
                    </Platform>
                    <Platform Name="iOSSimARM64">
                        <Operation>1</Operation>
                    </Platform>
                    <Platform Name="Linux64">
                        <Operation>1</Operation>
                    </Platform>
                    <Platform Name="OSX32">
                        <Operation>1</Operation>
                    </Platform>
                    <Platform Name="OSX64">
                        <Operation>1</Operation>
                    </Platform>
                    <Platform Name="OSXARM64">
                        <Operation>1</Operation>
                    </Platform>
                    <Platform Name="Win32">
                        <Operation>0</Operation>
                    </Platform>
                </DeployClass>
                <DeployClass Name="ProjectOutput_Android32">
                    <Platform Name="Android64">
                        <RemoteDir>library\lib\armeabi-v7a</RemoteDir>
                        <Operation>1</Operation>
                    </Platform>
                </DeployClass>
                <DeployClass Name="ProjectUWPManifest">
                    <Platform Name="Win32">
                        <Operation>1</Operation>
                    </Platform>
                    <Platform Name="Win64">
                        <Operation>1</Operation>
                    </Platform>
                    <Platform Name="Win64x">
                        <Operation>1</Operation>
                    </Platform>
                </DeployClass>
                <DeployClass Name="ProjectiOSDeviceDebug">
                    <Platform Name="iOSDevice32">
                        <RemoteDir>..\$(PROJECTNAME).app.dSYM\Contents\Resources\DWARF</RemoteDir>
                        <Operation>1</Operation>
                    </Platform>
                    <Platform Name="iOSDevice64">
                        <RemoteDir>..\$(PROJECTNAME).app.dSYM\Contents\Resources\DWARF</RemoteDir>
                        <Operation>1</Operation>
                    </Platform>
                    <Platform Name="iOSSimARM64">
                        <RemoteDir>..\$(PROJECTNAME).app.dSYM\Contents\Resources\DWARF</RemoteDir>
                        <Operation>1</Operation>
                    </Platform>
                </DeployClass>
                <DeployClass Name="ProjectiOSEntitlements"/>
                <DeployClass Name="ProjectiOSInfoPList"/>
                <DeployClass Name="ProjectiOSLaunchScreen"/>
                <DeployClass Name="ProjectiOSResource">
                    <Platform Name="iOSDevice32">
                        <Operation>1</Operation>
                    </Platform>
                    <Platform Name="iOSDevice64">
                        <Operation>1</Operation>
                    </Platform>
                    <Platform Name="iOSSimARM64">
                        <Operation>1</Operation>
                    </Platform>
                </DeployClass>
                <DeployClass Name="UWP_DelphiLogo150">
                    <Platform Name="Win32">
                        <RemoteDir>Assets</RemoteDir>
                        <Operation>1</Operation>
                    </Platform>
                    <Platform Name="Win64">
                        <RemoteDir>Assets</RemoteDir>
                        <Operation>1</Operation>
                    </Platform>
                </DeployClass>
                <DeployClass Name="UWP_DelphiLogo44">
                    <Platform Name="Win32">
                        <RemoteDir>Assets</RemoteDir>
                        <Operation>1</Operation>
                    </Platform>
                    <Platform Name="Win64">
                        <RemoteDir>Assets</RemoteDir>
                        <Operation>1</Operation>
                    </Platform>
                </DeployClass>
                <DeployClass Name="iOS_AppStore1024">
                    <Platform Name="iOSDevice64">
                        <RemoteDir>..\$(PROJECTNAME).launchscreen\Assets\AppIcon.appiconset</RemoteDir>
                        <Operation>1</Operation>
                    </Platform>
                    <Platform Name="iOSSimARM64">
                        <RemoteDir>..\$(PROJECTNAME).launchscreen\Assets\AppIcon.appiconset</RemoteDir>
                        <Operation>1</Operation>
                    </Platform>
                </DeployClass>
                <DeployClass Name="iPad_AppIcon152">
                    <Platform Name="iOSDevice64">
                        <RemoteDir>..\$(PROJECTNAME).launchscreen\Assets\AppIcon.appiconset</RemoteDir>
                        <Operation>1</Operation>
                    </Platform>
                    <Platform Name="iOSSimARM64">
                        <RemoteDir>..\$(PROJECTNAME).launchscreen\Assets\AppIcon.appiconset</RemoteDir>
                        <Operation>1</Operation>
                    </Platform>
                </DeployClass>
                <DeployClass Name="iPad_AppIcon167">
                    <Platform Name="iOSDevice64">
                        <RemoteDir>..\$(PROJECTNAME).launchscreen\Assets\AppIcon.appiconset</RemoteDir>
                        <Operation>1</Operation>
                    </Platform>
                    <Platform Name="iOSSimARM64">
                        <RemoteDir>..\$(PROJECTNAME).launchscreen\Assets\AppIcon.appiconset</RemoteDir>
                        <Operation>1</Operation>
                    </Platform>
                </DeployClass>
                <DeployClass Name="iPad_Launch2x">
                    <Platform Name="iOSDevice64">
                        <RemoteDir>..\$(PROJECTNAME).launchscreen\Assets\LaunchScreenImage.imageset</RemoteDir>
                        <Operation>1</Operation>
                    </Platform>
                    <Platform Name="iOSSimARM64">
                        <RemoteDir>..\$(PROJECTNAME).launchscreen\Assets\LaunchScreenImage.imageset</RemoteDir>
                        <Operation>1</Operation>
                    </Platform>
                </DeployClass>
                <DeployClass Name="iPad_LaunchDark2x">
                    <Platform Name="iOSDevice64">
                        <RemoteDir>..\$(PROJECTNAME).launchscreen\Assets\LaunchScreenImage.imageset</RemoteDir>
                        <Operation>1</Operation>
                    </Platform>
                    <Platform Name="iOSSimARM64">
                        <RemoteDir>..\$(PROJECTNAME).launchscreen\Assets\LaunchScreenImage.imageset</RemoteDir>
                        <Operation>1</Operation>
                    </Platform>
                </DeployClass>
                <DeployClass Name="iPad_Notification40">
                    <Platform Name="iOSDevice64">
                        <RemoteDir>..\$(PROJECTNAME).launchscreen\Assets\AppIcon.appiconset</RemoteDir>
                        <Operation>1</Operation>
                    </Platform>
                    <Platform Name="iOSSimARM64">
                        <RemoteDir>..\$(PROJECTNAME).launchscreen\Assets\AppIcon.appiconset</RemoteDir>
                        <Operation>1</Operation>
                    </Platform>
                </DeployClass>
                <DeployClass Name="iPad_Setting58">
                    <Platform Name="iOSDevice64">
                        <RemoteDir>..\$(PROJECTNAME).launchscreen\Assets\AppIcon.appiconset</RemoteDir>
                        <Operation>1</Operation>
                    </Platform>
                    <Platform Name="iOSSimARM64">
                        <RemoteDir>..\$(PROJECTNAME).launchscreen\Assets\AppIcon.appiconset</RemoteDir>
                        <Operation>1</Operation>
                    </Platform>
                </DeployClass>
                <DeployClass Name="iPad_SpotLight80">
                    <Platform Name="iOSDevice64">
                        <RemoteDir>..\$(PROJECTNAME).launchscreen\Assets\AppIcon.appiconset</RemoteDir>
                        <Operation>1</Operation>
                    </Platform>
                    <Platform Name="iOSSimARM64">
                        <RemoteDir>..\$(PROJECTNAME).launchscreen\Assets\AppIcon.appiconset</RemoteDir>
                        <Operation>1</Operation>
                    </Platform>
                </DeployClass>
                <DeployClass Name="iPhone_AppIcon120">
                    <Platform Name="iOSDevice64">
                        <RemoteDir>..\$(PROJECTNAME).launchscreen\Assets\AppIcon.appiconset</RemoteDir>
                        <Operation>1</Operation>
                    </Platform>
                    <Platform Name="iOSSimARM64">
                        <RemoteDir>..\$(PROJECTNAME).launchscreen\Assets\AppIcon.appiconset</RemoteDir>
                        <Operation>1</Operation>
                    </Platform>
                </DeployClass>
                <DeployClass Name="iPhone_AppIcon180">
                    <Platform Name="iOSDevice64">
                        <RemoteDir>..\$(PROJECTNAME).launchscreen\Assets\AppIcon.appiconset</RemoteDir>
                        <Operation>1</Operation>
                    </Platform>
                    <Platform Name="iOSSimARM64">
                        <RemoteDir>..\$(PROJECTNAME).launchscreen\Assets\AppIcon.appiconset</RemoteDir>
                        <Operation>1</Operation>
                    </Platform>
                </DeployClass>
                <DeployClass Name="iPhone_Launch2x">
                    <Platform Name="iOSDevice64">
                        <RemoteDir>..\$(PROJECTNAME).launchscreen\Assets\LaunchScreenImage.imageset</RemoteDir>
                        <Operation>1</Operation>
                    </Platform>
                    <Platform Name="iOSSimARM64">
                        <RemoteDir>..\$(PROJECTNAME).launchscreen\Assets\LaunchScreenImage.imageset</RemoteDir>
                        <Operation>1</Operation>
                    </Platform>
                </DeployClass>
                <DeployClass Name="iPhone_Launch3x">
                    <Platform Name="iOSDevice64">
                        <RemoteDir>..\$(PROJECTNAME).launchscreen\Assets\LaunchScreenImage.imageset</RemoteDir>
                        <Operation>1</Operation>
                    </Platform>
                    <Platform Name="iOSSimARM64">
                        <RemoteDir>..\$(PROJECTNAME).launchscreen\Assets\LaunchScreenImage.imageset</RemoteDir>
                        <Operation>1</Operation>
                    </Platform>
                </DeployClass>
                <DeployClass Name="iPhone_LaunchDark2x">
                    <Platform Name="iOSDevice64">
                        <RemoteDir>..\$(PROJECTNAME).launchscreen\Assets\LaunchScreenImage.imageset</RemoteDir>
                        <Operation>1</Operation>
                    </Platform>
                    <Platform Name="iOSSimARM64">
                        <RemoteDir>..\$(PROJECTNAME).launchscreen\Assets\LaunchScreenImage.imageset</RemoteDir>
                        <Operation>1</Operation>
                    </Platform>
                </DeployClass>
                <DeployClass Name="iPhone_LaunchDark3x">
                    <Platform Name="iOSDevice64">
                        <RemoteDir>..\$(PROJECTNAME).launchscreen\Assets\LaunchScreenImage.imageset</RemoteDir>
                        <Operation>1</Operation>
                    </Platform>
                    <Platform Name="iOSSimARM64">
                        <RemoteDir>..\$(PROJECTNAME).launchscreen\Assets\LaunchScreenImage.imageset</RemoteDir>
                        <Operation>1</Operation>
                    </Platform>
                </DeployClass>
                <DeployClass Name="iPhone_Notification40">
                    <Platform Name="iOSDevice64">
                        <RemoteDir>..\$(PROJECTNAME).launchscreen\Assets\AppIcon.appiconset</RemoteDir>
                        <Operation>1</Operation>
                    </Platform>
                    <Platform Name="iOSSimARM64">
                        <RemoteDir>..\$(PROJECTNAME).launchscreen\Assets\AppIcon.appiconset</RemoteDir>
                        <Operation>1</Operation>
                    </Platform>
                </DeployClass>
                <DeployClass Name="iPhone_Notification60">
                    <Platform Name="iOSDevice64">
                        <RemoteDir>..\$(PROJECTNAME).launchscreen\Assets\AppIcon.appiconset</RemoteDir>
                        <Operation>1</Operation>
                    </Platform>
                    <Platform Name="iOSSimARM64">
                        <RemoteDir>..\$(PROJECTNAME).launchscreen\Assets\AppIcon.appiconset</RemoteDir>
                        <Operation>1</Operation>
                    </Platform>
                </DeployClass>
                <DeployClass Name="iPhone_Setting58">
                    <Platform Name="iOSDevice64">
                        <RemoteDir>..\$(PROJECTNAME).launchscreen\Assets\AppIcon.appiconset</RemoteDir>
                        <Operation>1</Operation>
                    </Platform>
                    <Platform Name="iOSSimARM64">
                        <RemoteDir>..\$(PROJECTNAME).launchscreen\Assets\AppIcon.appiconset</RemoteDir>
                        <Operation>1</Operation>
                    </Platform>
                </DeployClass>
                <DeployClass Name="iPhone_Setting87">
                    <Platform Name="iOSDevice64">
                        <RemoteDir>..\$(PROJECTNAME).launchscreen\Assets\AppIcon.appiconset</RemoteDir>
                        <Operation>1</Operation>
                    </Platform>
                    <Platform Name="iOSSimARM64">
                        <RemoteDir>..\$(PROJECTNAME).launchscreen\Assets\AppIcon.appiconset</RemoteDir>
                        <Operation>1</Operation>
                    </Platform>
                </DeployClass>
                <DeployClass Name="iPhone_Spotlight120">
                    <Platform Name="iOSDevice64">
                        <RemoteDir>..\$(PROJECTNAME).launchscreen\Assets\AppIcon.appiconset</RemoteDir>
                        <Operation>1</Operation>
                    </Platform>
                    <Platform Name="iOSSimARM64">
                        <RemoteDir>..\$(PROJECTNAME).launchscreen\Assets\AppIcon.appiconset</RemoteDir>
                        <Operation>1</Operation>
                    </Platform>
                </DeployClass>
                <DeployClass Name="iPhone_Spotlight80">
                    <Platform Name="iOSDevice64">
                        <RemoteDir>..\$(PROJECTNAME).launchscreen\Assets\AppIcon.appiconset</RemoteDir>
                        <Operation>1</Operation>
                    </Platform>
                    <Platform Name="iOSSimARM64">
                        <RemoteDir>..\$(PROJECTNAME).launchscreen\Assets\AppIcon.appiconset</RemoteDir>
                        <Operation>1</Operation>
                    </Platform>
                </DeployClass>
                <ProjectRoot Platform="Android" Name="$(PROJECTNAME)"/>
                <ProjectRoot Platform="Android64" Name="$(PROJECTNAME)"/>
                <ProjectRoot Platform="iOSDevice32" Name="$(PROJECTNAME).app"/>
                <ProjectRoot Platform="iOSDevice64" Name="$(PROJECTNAME).app"/>
                <ProjectRoot Platform="iOSSimARM64" Name="$(PROJECTNAME).app"/>
                <ProjectRoot Platform="Linux64" Name="$(PROJECTNAME)"/>
                <ProjectRoot Platform="OSX32" Name="$(PROJECTNAME)"/>
                <ProjectRoot Platform="OSX64" Name="$(PROJECTNAME)"/>
                <ProjectRoot Platform="OSXARM64" Name="$(PROJECTNAME)"/>
                <ProjectRoot Platform="Win32" Name="$(PROJECTNAME)"/>
                <ProjectRoot Platform="Win64" Name="$(PROJECTNAME)"/>
                <ProjectRoot Platform="Win64x" Name="$(PROJECTNAME)"/>
            </Deployment>
        </BorlandProject>
        <ProjectFileVersion>12</ProjectFileVersion>
    </ProjectExtensions>
    <Import Project="$(BDS)\Bin\CodeGear.Delphi.Targets" Condition="Exists('$(BDS)\Bin\CodeGear.Delphi.Targets')"/>
    <Import Project="$(APPDATA)\Embarcadero\$(BDSAPPDATABASEDIR)\$(PRODUCTVERSION)\UserTools.proj" Condition="Exists('$(APPDATA)\Embarcadero\$(BDSAPPDATABASEDIR)\$(PRODUCTVERSION)\UserTools.proj')"/>
    <Import Project="$(MSBuildProjectName).deployproj" Condition="Exists('$(MSBuildProjectName).deployproj')"/>
</Project>
