<?xml version="1.0" encoding="utf-8"?>
<Project xmlns="http://schemas.microsoft.com/developer/msbuild/2003">
  <PropertyGroup>
    <ProjectGuid>{aefea9fe-0d4b-4295-b27d-536ca997b948}</ProjectGuid>
    <MainSource>Hickel_Components.dpk</MainSource>
    <Configuration Condition=" '$(Configuration)' == '' ">Debug</Configuration>
    <Platform Condition=" '$(Platform)' == '' ">AnyCPU</Platform>
    <DCC_DCCCompiler>DCC32</DCC_DCCCompiler>
    <DCC_DependencyCheckOutputName>C:\Users\Public\Documents\RAD Studio\5.0\Bpl\Hickel_Components.bpl</DCC_DependencyCheckOutputName>
  </PropertyGroup>
  <PropertyGroup Condition=" '$(Configuration)|$(Platform)' == 'Release|AnyCPU' ">
    <Version>7.0</Version>
    <DCC_DebugInformation>False</DCC_DebugInformation>
    <DCC_LocalDebugSymbols>False</DCC_LocalDebugSymbols>
    <DCC_SymbolReferenceInfo>0</DCC_SymbolReferenceInfo>
    <DCC_Define>RELEASE</DCC_Define>
    <DCC_BplOutput>..\..\..\..\..\..\..\..\..\CORA2012\BAP\bin</DCC_BplOutput>
  </PropertyGroup>
  <PropertyGroup Condition=" '$(Configuration)|$(Platform)' == 'Debug|AnyCPU' ">
    <Version>7.0</Version>
  </PropertyGroup>
  <ProjectExtensions>
    <Borland.Personality>Delphi.Personality</Borland.Personality>
    <Borland.ProjectType>Package</Borland.ProjectType>
    <BorlandProject>
<BorlandProject><Delphi.Personality><Parameters><Parameters Name="UseLauncher">False</Parameters><Parameters Name="LoadAllSymbols">True</Parameters><Parameters Name="LoadUnspecifiedSymbols">False</Parameters></Parameters><Package_Options><Package_Options Name="ImplicitBuild">False</Package_Options><Package_Options Name="DesigntimeOnly">False</Package_Options><Package_Options Name="RuntimeOnly">False</Package_Options><Package_Options Name="PackageDescription">HICKEL UI Komponenten</Package_Options></Package_Options><VersionInfo><VersionInfo Name="IncludeVerInfo">True</VersionInfo><VersionInfo Name="AutoIncBuild">False</VersionInfo><VersionInfo Name="MajorVer">8</VersionInfo><VersionInfo Name="MinorVer">0</VersionInfo><VersionInfo Name="Release">0</VersionInfo><VersionInfo Name="Build">0</VersionInfo><VersionInfo Name="Debug">False</VersionInfo><VersionInfo Name="PreRelease">False</VersionInfo><VersionInfo Name="Special">False</VersionInfo><VersionInfo Name="Private">False</VersionInfo><VersionInfo Name="DLL">False</VersionInfo><VersionInfo Name="Locale">1031</VersionInfo><VersionInfo Name="CodePage">1252</VersionInfo></VersionInfo><VersionInfoKeys><VersionInfoKeys Name="CompanyName">HickelSOFT Huth GmbH</VersionInfoKeys><VersionInfoKeys Name="FileDescription">HickelSOFT VCL</VersionInfoKeys><VersionInfoKeys Name="FileVersion">8.0.0.0</VersionInfoKeys><VersionInfoKeys Name="InternalName">Hickel_Components</VersionInfoKeys><VersionInfoKeys Name="LegalCopyright">(C) 1992-2023 HickelSOFT Huth GmbH</VersionInfoKeys><VersionInfoKeys Name="LegalTrademarks">CORAplus</VersionInfoKeys><VersionInfoKeys Name="OriginalFilename">Hickel_Components.bpl</VersionInfoKeys><VersionInfoKeys Name="ProductName">CORAplus</VersionInfoKeys><VersionInfoKeys Name="ProductVersion">8.0</VersionInfoKeys><VersionInfoKeys Name="Comments"></VersionInfoKeys></VersionInfoKeys><Source><Source Name="MainSource">Hickel_Components.dpk</Source></Source><Excluded_Packages>
      
      
      
      
      
      
      
      
      
      
      
      
      
      
      <Excluded_Packages Name="$(BDS)\bin\dclIndyCore100.bpl">Indy 10 Core Design Time</Excluded_Packages>
      <Excluded_Packages Name="$(BDS)\Bin\dclIndyProtocols100.bpl">Indy 10 Protocols Design Time</Excluded_Packages>
      <Excluded_Packages Name="c:\Users\Public\Documents\RAD Studio\5.0\Bpl\Hickel_Lib.bpl">Datei c:\Users\Public\Documents\RAD Studio\5.0\Bpl\Hickel_Lib.bpl nicht gefunden</Excluded_Packages>
      <Excluded_Packages Name="c:\Users\Public\Documents\RAD Studio\5.0\Bpl\Hickel_Gui.bpl">Datei c:\Users\Public\Documents\RAD Studio\5.0\Bpl\Hickel_Gui.bpl nicht gefunden</Excluded_Packages>
      <Excluded_Packages Name="$(BDS)\bin\dcloffice2k100.bpl">Microsoft Office 2000 Beispiele für gekapselte Komponenten für Automation Server</Excluded_Packages>
      <Excluded_Packages Name="c:\Users\Public\Documents\RAD Studio\5.0\Bpl\Hickel_Cora_Gui.bpl">Datei c:\Users\Public\Documents\RAD Studio\5.0\Bpl\Hickel_Cora_Gui.bpl nicht gefunden</Excluded_Packages>
      <Excluded_Packages Name="c:\Users\Public\Documents\RAD Studio\5.0\Bpl\Hickel_Cora_Lib.bpl">Datei c:\Users\Public\Documents\RAD Studio\5.0\Bpl\Hickel_Cora_Lib.bpl nicht gefunden</Excluded_Packages>
    </Excluded_Packages></Delphi.Personality></BorlandProject></BorlandProject>
  </ProjectExtensions>
  <Import Project="$(MSBuildBinPath)\Borland.Delphi.Targets" />
  <ItemGroup>
    <DelphiCompile Include="Hickel_Components.dpk">
      <MainSource>MainSource</MainSource>
    </DelphiCompile>
    <DCCReference Include="$(SystemRoot)\system32\adortl.dcp" />
    <DCCReference Include="$(SystemRoot)\system32\dbrtl.dcp" />
    <DCCReference Include="$(SystemRoot)\system32\designide.dcp" />
    <DCCReference Include="$(SystemRoot)\system32\Jcl.dcp" />
    <DCCReference Include="$(SystemRoot)\system32\rtl.dcp" />
    <DCCReference Include="$(SystemRoot)\system32\vcl.dcp" />
    <DCCReference Include="$(SystemRoot)\system32\vclactnband.dcp" />
    <DCCReference Include="$(SystemRoot)\system32\vcldb.dcp" />
    <DCCReference Include="$(SystemRoot)\system32\vclie.dcp" />
    <DCCReference Include="$(SystemRoot)\system32\VclSmp.dcp" />
    <DCCReference Include="$(SystemRoot)\system32\vclx.dcp" />
    <DCCReference Include="$(SystemRoot)\system32\xmlrtl.dcp" />
    <DCCReference Include="DBMaskEdit.pas" />
    <DCCReference Include="Drucker.pas" />
    <DCCReference Include="HsDruckerConfig.pas" />
    <DCCReference Include="HsGauge.pas" />
    <DCCReference Include="HsGradientPanel.pas" />
    <DCCReference Include="HsHalfModalForm.pas" />
    <DCCReference Include="HsProgressChecklist.pas" />
    <DCCReference Include="HsSqlServerProvider.pas" />
    <DCCReference Include="hstools.pas" />
    <DCCReference Include="HSVersionInfo.pas" />
    <DCCReference Include="MessaBox.pas" />
    <DCCReference Include="MetaObjVcl.pas" />
    <DCCReference Include="PicBtn.pas" />
    <DCCReference Include="Progrdlg.pas" />
    <DCCReference Include="Statusan.pas" />
    <DCCReference Include="TeEinDlg.pas" />
    <DCCReference Include="TextEing.pas" />
    <DCCReference Include="VCL_Hotfix_AltGr.pas" />
  </ItemGroup>
</Project>